
Microsoft Visual Studio Solution File, Format Version 12.00
# Visual Studio Version 17
VisualStudioVersion = 17.9.34723.18
MinimumVisualStudioVersion = 10.0.40219.1
Project("{9A19103F-16F7-4668-BE54-9A1E7A4F7556}") = "MorganStanley.ComposeUI.LayoutPersistence", "src\MorganStanley.ComposeUI.LayoutPersistence\MorganStanley.ComposeUI.LayoutPersistence.csproj", "{BC4F5C92-F894-45A7-BBEA-A956F89C617B}"
EndProject
Project("{2150E333-8FDC-42A3-9474-1A3956D46DE8}") = "src", "src", "{15375C6D-AEF5-42DA-B809-36C55A5133B0}"
EndProject
Project("{2150E333-8FDC-42A3-9474-1A3956D46DE8}") = "tests", "tests", "{387B5C73-2D89-45B1-92E0-71CDBB825F46}"
EndProject
Project("{FAE04EC0-301F-11D3-BF4B-00C04F79EFBC}") = "MorganStanley.ComposeUI.LayoutPersistence.Tests", "tests\MorganStanley.ComposeUI.LayoutPersistence.Tests\MorganStanley.ComposeUI.LayoutPersistence.Tests.csproj", "{9727D812-2697-4BB5-8C65-80774842FE99}"
EndProject
Global
	GlobalSection(SolutionConfigurationPlatforms) = preSolution
		Debug|Any CPU = Debug|Any CPU
		Release|Any CPU = Release|Any CPU
	EndGlobalSection
	GlobalSection(ProjectConfigurationPlatforms) = postSolution
		{BC4F5C92-F894-45A7-BBEA-A956F89C617B}.Debug|Any CPU.ActiveCfg = Debug|Any CPU
		{BC4F5C92-F894-45A7-BBEA-A956F89C617B}.Debug|Any CPU.Build.0 = Debug|Any CPU
		{BC4F5C92-F894-45A7-BBEA-A956F89C617B}.Release|Any CPU.ActiveCfg = Release|Any CPU
		{BC4F5C92-F894-45A7-BBEA-A956F89C617B}.Release|Any CPU.Build.0 = Release|Any CPU
		{9727D812-2697-4BB5-8C65-80774842FE99}.Debug|Any CPU.ActiveCfg = Debug|Any CPU
		{9727D812-2697-4BB5-8C65-80774842FE99}.Debug|Any CPU.Build.0 = Debug|Any CPU
		{9727D812-2697-4BB5-8C65-80774842FE99}.Release|Any CPU.ActiveCfg = Release|Any CPU
		{9727D812-2697-4BB5-8C65-80774842FE99}.Release|Any CPU.Build.0 = Release|Any CPU
	EndGlobalSection
	GlobalSection(SolutionProperties) = preSolution
		HideSolutionNode = FALSE
	EndGlobalSection
	GlobalSection(NestedProjects) = preSolution
		{BC4F5C92-F894-45A7-BBEA-A956F89C617B} = {15375C6D-AEF5-42DA-B809-36C55A5133B0}
		{9727D812-2697-4BB5-8C65-80774842FE99} = {387B5C73-2D89-45B1-92E0-71CDBB825F46}
	EndGlobalSection
	GlobalSection(ExtensibilityGlobals) = postSolution
		SolutionGuid = {5AC4D360-3DCE-47E1-8128-C76C86113476}
	EndGlobalSection
EndGlobal
