
Microsoft Visual Studio Solution File, Format Version 12.00
# Visual Studio Version 17
VisualStudioVersion = 17.9.34723.18
MinimumVisualStudioVersion = 10.0.40219.1
Project("{9A19103F-16F7-4668-BE54-9A1E7A4F7556}") = "MorganStanley.ComposeUI.LayoutPersistence", "src\MorganStanley.ComposeUI.LayoutPersistence\MorganStanley.ComposeUI.LayoutPersistence.csproj", "{BC4F5C92-F894-45A7-BBEA-A956F89C617B}"
EndProject
Project("{2150E333-8FDC-42A3-9474-1A3956D46DE8}") = "src", "src", "{15375C6D-AEF5-42DA-B809-36C55A5133B0}"
EndProject
Project("{2150E333-8FDC-42A3-9474-1A3956D46DE8}") = "tests", "tests", "{387B5C73-2D89-45B1-92E0-71CDBB825F46}"
EndProject
Project("{FAE04EC0-301F-11D3-BF4B-00C04F79EFBC}") = "MorganStanley.ComposeUI.LayoutPersistence.Tests", "tests\MorganStanley.ComposeUI.LayoutPersistence.Tests\MorganStanley.ComposeUI.LayoutPersistence.Tests.csproj", "{9727D812-2697-4BB5-8C65-80774842FE99}"
EndProject
Project("{2150E333-8FDC-42A3-9474-1A3956D46DE8}") = "architecture", "architecture", "{2F8C7495-2E4A-48C4-8482-B4A285F03061}"
	ProjectSection(SolutionItems) = preProject
		..\..\..\site\content\architecture\adr-001-use-adrs.mdx = ..\..\..\site\content\architecture\adr-001-use-adrs.mdx
		..\..\..\site\content\architecture\adr-002-configuration.mdx = ..\..\..\site\content\architecture\adr-002-configuration.mdx
		..\..\..\site\content\architecture\adr-003-solution-and-project-structure.mdx = ..\..\..\site\content\architecture\adr-003-solution-and-project-structure.mdx
		..\..\..\site\content\architecture\adr-004-module-loading.mdx = ..\..\..\site\content\architecture\adr-004-module-loading.mdx
		..\..\..\site\content\architecture\adr-005-messaging.mdx = ..\..\..\site\content\architecture\adr-005-messaging.mdx
		..\..\..\site\content\architecture\adr-006-observability.mdx = ..\..\..\site\content\architecture\adr-006-observability.mdx
		..\..\..\site\content\architecture\adr-007-use-c4.mdx = ..\..\..\site\content\architecture\adr-007-use-c4.mdx
		..\..\..\site\content\architecture\adr-008-module-security.mdx = ..\..\..\site\content\architecture\adr-008-module-security.mdx
		..\..\..\site\content\architecture\adr-009-message-router.mdx = ..\..\..\site\content\architecture\adr-009-message-router.mdx
		..\..\..\site\content\architecture\adr-010-built-in-apis.mdx = ..\..\..\site\content\architecture\adr-010-built-in-apis.mdx
		..\..\..\site\content\architecture\adr-011-process-ownership.mdx = ..\..\..\site\content\architecture\adr-011-process-ownership.mdx
		..\..\..\site\content\architecture\adr-012-message-router.mdx = ..\..\..\site\content\architecture\adr-012-message-router.mdx
		..\..\..\site\content\architecture\adr-013-script-preloading-security.mdx = ..\..\..\site\content\architecture\adr-013-script-preloading-security.mdx
		..\..\..\site\content\architecture\adr-014-module-catalog.mdx = ..\..\..\site\content\architecture\adr-014-module-catalog.mdx
		..\..\..\site\content\architecture\adr-015-module-loader-events.mdx = ..\..\..\site\content\architecture\adr-015-module-loader-events.mdx
		..\..\..\site\content\architecture\adr-016-shell-api.mdx = ..\..\..\site\content\architecture\adr-016-shell-api.mdx
	EndProjectSection
EndProject
Global
	GlobalSection(SolutionConfigurationPlatforms) = preSolution
		Debug|Any CPU = Debug|Any CPU
		Release|Any CPU = Release|Any CPU
	EndGlobalSection
	GlobalSection(ProjectConfigurationPlatforms) = postSolution
		{BC4F5C92-F894-45A7-BBEA-A956F89C617B}.Debug|Any CPU.ActiveCfg = Debug|Any CPU
		{BC4F5C92-F894-45A7-BBEA-A956F89C617B}.Debug|Any CPU.Build.0 = Debug|Any CPU
		{BC4F5C92-F894-45A7-BBEA-A956F89C617B}.Release|Any CPU.ActiveCfg = Release|Any CPU
		{BC4F5C92-F894-45A7-BBEA-A956F89C617B}.Release|Any CPU.Build.0 = Release|Any CPU
		{9727D812-2697-4BB5-8C65-80774842FE99}.Debug|Any CPU.ActiveCfg = Debug|Any CPU
		{9727D812-2697-4BB5-8C65-80774842FE99}.Debug|Any CPU.Build.0 = Debug|Any CPU
		{9727D812-2697-4BB5-8C65-80774842FE99}.Release|Any CPU.ActiveCfg = Release|Any CPU
		{9727D812-2697-4BB5-8C65-80774842FE99}.Release|Any CPU.Build.0 = Release|Any CPU
	EndGlobalSection
	GlobalSection(SolutionProperties) = preSolution
		HideSolutionNode = FALSE
	EndGlobalSection
	GlobalSection(NestedProjects) = preSolution
		{BC4F5C92-F894-45A7-BBEA-A956F89C617B} = {15375C6D-AEF5-42DA-B809-36C55A5133B0}
		{9727D812-2697-4BB5-8C65-80774842FE99} = {387B5C73-2D89-45B1-92E0-71CDBB825F46}
	EndGlobalSection
	GlobalSection(ExtensibilityGlobals) = postSolution
		SolutionGuid = {5AC4D360-3DCE-47E1-8128-C76C86113476}
	EndGlobalSection
EndGlobal
