
Microsoft Visual Studio Solution File, Format Version 12.00
# Visual Studio Version 17
VisualStudioVersion = 17.2.32616.157
MinimumVisualStudioVersion = 10.0.40219.1
Project("{9A19103F-16F7-4668-BE54-9A1E7A4F7556}") = "ModuleLoaderPrototype", "ModuleLoaderPrototype\ModuleLoaderPrototype.csproj", "{ED0FF782-50AC-48BF-93D7-DF837A5D3AD3}"
EndProject
Project("{9A19103F-16F7-4668-BE54-9A1E7A4F7556}") = "ConsoleShell", "ConsoleShell\ConsoleShell.csproj", "{4B36EE65-FDE6-4D74-89D0-FEC2DB3ED0B7}"
EndProject
Project("{9A19103F-16F7-4668-BE54-9A1E7A4F7556}") = "MorganStanley.ComposeUI.Playground.VisualUtils", "MorganStanley.ComposeUI.Playground.VisualUtils\MorganStanley.ComposeUI.Playground.VisualUtils.csproj", "{5F4BBB8C-48F8-48AA-98DA-25DA5D3EAFD1}"
EndProject
Project("{9A19103F-16F7-4668-BE54-9A1E7A4F7556}") = "AvaloniaShell", "AvaloniaShell\AvaloniaShell.csproj", "{02CD28BD-7C70-4B4B-ACAF-E32CD1B2FA41}"
EndProject
Project("{FAE04EC0-301F-11D3-BF4B-00C04F79EFBC}") = "TestApp", "TestApp\TestApp.csproj", "{2386EAB0-3ADA-4DB1-8BA0-DB7C9D781A34}"
EndProject
Global
	GlobalSection(SolutionConfigurationPlatforms) = preSolution
		Debug|Any CPU = Debug|Any CPU
		Release|Any CPU = Release|Any CPU
	EndGlobalSection
	GlobalSection(ProjectConfigurationPlatforms) = postSolution
		{ED0FF782-50AC-48BF-93D7-DF837A5D3AD3}.Debug|Any CPU.ActiveCfg = Debug|Any CPU
		{ED0FF782-50AC-48BF-93D7-DF837A5D3AD3}.Debug|Any CPU.Build.0 = Debug|Any CPU
		{ED0FF782-50AC-48BF-93D7-DF837A5D3AD3}.Release|Any CPU.ActiveCfg = Release|Any CPU
		{ED0FF782-50AC-48BF-93D7-DF837A5D3AD3}.Release|Any CPU.Build.0 = Release|Any CPU
		{4B36EE65-FDE6-4D74-89D0-FEC2DB3ED0B7}.Debug|Any CPU.ActiveCfg = Debug|Any CPU
		{4B36EE65-FDE6-4D74-89D0-FEC2DB3ED0B7}.Debug|Any CPU.Build.0 = Debug|Any CPU
		{4B36EE65-FDE6-4D74-89D0-FEC2DB3ED0B7}.Release|Any CPU.ActiveCfg = Release|Any CPU
		{4B36EE65-FDE6-4D74-89D0-FEC2DB3ED0B7}.Release|Any CPU.Build.0 = Release|Any CPU
		{5F4BBB8C-48F8-48AA-98DA-25DA5D3EAFD1}.Debug|Any CPU.ActiveCfg = Debug|Any CPU
		{5F4BBB8C-48F8-48AA-98DA-25DA5D3EAFD1}.Debug|Any CPU.Build.0 = Debug|Any CPU
		{5F4BBB8C-48F8-48AA-98DA-25DA5D3EAFD1}.Release|Any CPU.ActiveCfg = Release|Any CPU
		{5F4BBB8C-48F8-48AA-98DA-25DA5D3EAFD1}.Release|Any CPU.Build.0 = Release|Any CPU
		{02CD28BD-7C70-4B4B-ACAF-E32CD1B2FA41}.Debug|Any CPU.ActiveCfg = Debug|Any CPU
		{02CD28BD-7C70-4B4B-ACAF-E32CD1B2FA41}.Debug|Any CPU.Build.0 = Debug|Any CPU
		{02CD28BD-7C70-4B4B-ACAF-E32CD1B2FA41}.Release|Any CPU.ActiveCfg = Release|Any CPU
		{02CD28BD-7C70-4B4B-ACAF-E32CD1B2FA41}.Release|Any CPU.Build.0 = Release|Any CPU
		{2386EAB0-3ADA-4DB1-8BA0-DB7C9D781A34}.Debug|Any CPU.ActiveCfg = Debug|Any CPU
		{2386EAB0-3ADA-4DB1-8BA0-DB7C9D781A34}.Debug|Any CPU.Build.0 = Debug|Any CPU
		{2386EAB0-3ADA-4DB1-8BA0-DB7C9D781A34}.Release|Any CPU.ActiveCfg = Release|Any CPU
		{2386EAB0-3ADA-4DB1-8BA0-DB7C9D781A34}.Release|Any CPU.Build.0 = Release|Any CPU
	EndGlobalSection
	GlobalSection(SolutionProperties) = preSolution
		HideSolutionNode = FALSE
	EndGlobalSection
	GlobalSection(ExtensibilityGlobals) = postSolution
		SolutionGuid = {9E2C6649-B389-41DB-8223-BBBCD9F9AD6C}
	EndGlobalSection
EndGlobal
