
Microsoft Visual Studio Solution File, Format Version 12.00
# Visual Studio Version 17
VisualStudioVersion = 17.0.32112.339
MinimumVisualStudioVersion = 10.0.40219.1
Project("{9A19103F-16F7-4668-BE54-9A1E7A4F7556}") = "WpfThemeReceiverApp", "WpfThemeReceiverApp.csproj", "{4A45106D-1FE7-4053-BA66-CFC2E8B26955}"
EndProject
Project("{9A19103F-16F7-4668-BE54-9A1E7A4F7556}") = "WpfThemeDictionaries", "..\WpfThemeDictionaries\WpfThemeDictionaries.csproj", "{BDA2C585-10AB-4485-ADC7-B696C149F7EF}"
EndProject
Global
	GlobalSection(SolutionConfigurationPlatforms) = preSolution
		Debug|Any CPU = Debug|Any CPU
		Release|Any CPU = Release|Any CPU
	EndGlobalSection
	GlobalSection(ProjectConfigurationPlatforms) = postSolution
		{4A45106D-1FE7-4053-BA66-CFC2E8B26955}.Debug|Any CPU.ActiveCfg = Debug|Any CPU
		{4A45106D-1FE7-4053-BA66-CFC2E8B26955}.Debug|Any CPU.Build.0 = Debug|Any CPU
		{4A45106D-1FE7-4053-BA66-CFC2E8B26955}.Release|Any CPU.ActiveCfg = Release|Any CPU
		{4A45106D-1FE7-4053-BA66-CFC2E8B26955}.Release|Any CPU.Build.0 = Release|Any CPU
		{BDA2C585-10AB-4485-ADC7-B696C149F7EF}.Debug|Any CPU.ActiveCfg = Debug|Any CPU
		{BDA2C585-10AB-4485-ADC7-B696C149F7EF}.Debug|Any CPU.Build.0 = Debug|Any CPU
		{BDA2C585-10AB-4485-ADC7-B696C149F7EF}.Release|Any CPU.ActiveCfg = Release|Any CPU
		{BDA2C585-10AB-4485-ADC7-B696C149F7EF}.Release|Any CPU.Build.0 = Release|Any CPU
	EndGlobalSection
	GlobalSection(SolutionProperties) = preSolution
		HideSolutionNode = FALSE
	EndGlobalSection
	GlobalSection(ExtensibilityGlobals) = postSolution
		SolutionGuid = {9D390379-8962-40F7-9EB3-72BFD88850AD}
	EndGlobalSection
EndGlobal
