
Microsoft Visual Studio Solution File, Format Version 12.00
# Visual Studio Version 17
VisualStudioVersion = 17.3.32825.248
MinimumVisualStudioVersion = 10.0.40219.1
Project("{9A19103F-16F7-4668-BE54-9A1E7A4F7556}") = "Shell", "Shell\Shell.csproj", "{E82FEAE8-FDB2-45A6-93B6-E94E5478C796}"
EndProject
Project("{2150E333-8FDC-42A3-9474-1A3956D46DE8}") = "lib", "lib", "{E7A2C581-4BF4-47A5-8A11-59B2DEBADCA7}"
EndProject
Project("{9A19103F-16F7-4668-BE54-9A1E7A4F7556}") = "MorganStanley.ComposeUI.Messaging.Core", "..\..\messaging\dotnet\src\Core\MorganStanley.ComposeUI.Messaging.Core.csproj", "{B2AA5676-2776-4BDA-95F8-BE09D7642393}"
EndProject
Project("{9A19103F-16F7-4668-BE54-9A1E7A4F7556}") = "MorganStanley.ComposeUI.Messaging.Server", "..\..\messaging\dotnet\src\Server\MorganStanley.ComposeUI.Messaging.Server.csproj", "{F0DFAB55-14F5-4FF6-A12F-37B1745D4551}"
EndProject
Project("{2150E333-8FDC-42A3-9474-1A3956D46DE8}") = "test", "test", "{BEA71FE5-7EC8-4BEA-819B-C0DB33125D91}"
EndProject
Project("{9A19103F-16F7-4668-BE54-9A1E7A4F7556}") = "Shell.Tests", "test\Shell.Tests\Shell.Tests.csproj", "{70491F36-A27B-4E8C-AFD5-B49480EC1343}"
EndProject
Project("{9A19103F-16F7-4668-BE54-9A1E7A4F7556}") = "MorganStanley.ComposeUI.Messaging.Host", "..\..\messaging\dotnet\src\Host\MorganStanley.ComposeUI.Messaging.Host.csproj", "{DD91C297-06D4-4578-9C75-1BA5D8595AA0}"
EndProject
Project("{9A19103F-16F7-4668-BE54-9A1E7A4F7556}") = "MorganStanley.ComposeUI.DesktopAgent", "..\..\fdc3\dotnet\DesktopAgent\src\MorganStanley.ComposeUI.DesktopAgent\MorganStanley.ComposeUI.DesktopAgent.csproj", "{7A94BC15-8FE5-4C84-8572-3C72248AFF8C}"
EndProject
Project("{9A19103F-16F7-4668-BE54-9A1E7A4F7556}") = "MorganStanley.ComposeUI.Messaging.Client", "..\..\messaging\dotnet\src\Client\MorganStanley.ComposeUI.Messaging.Client.csproj", "{3153E575-513F-4B1A-86D0-CBE5A7A8C606}"
EndProject
Project("{9A19103F-16F7-4668-BE54-9A1E7A4F7556}") = "MorganStanley.ComposeUI.AppDirectory", "..\..\fdc3\dotnet\AppDirectory\src\MorganStanley.ComposeUI.AppDirectory\MorganStanley.ComposeUI.AppDirectory.csproj", "{70EAC402-B711-4528-B4DE-34081EB8676E}"
EndProject
Project("{9A19103F-16F7-4668-BE54-9A1E7A4F7556}") = "MorganStanley.ComposeUI.ModuleLoader.Abstractions", "..\..\module-loader\dotnet\src\MorganStanley.ComposeUI.ModuleLoader.Abstractions\MorganStanley.ComposeUI.ModuleLoader.Abstractions.csproj", "{F94A14A9-38B2-4573-A74B-979044428152}"
EndProject
Project("{9A19103F-16F7-4668-BE54-9A1E7A4F7556}") = "MorganStanley.ComposeUI.ModuleLoader", "..\..\module-loader\dotnet\src\MorganStanley.ComposeUI.ModuleLoader\MorganStanley.ComposeUI.ModuleLoader.csproj", "{1D387A56-DC64-4EB0-870D-3872BE4716B4}"
EndProject
Project("{9A19103F-16F7-4668-BE54-9A1E7A4F7556}") = "MorganStanley.ComposeUI.Utilities", "..\..\shared\dotnet\src\MorganStanley.ComposeUI.Utilities\MorganStanley.ComposeUI.Utilities.csproj", "{990C5E01-FA98-4E26-A746-88731A78D502}"
EndProject
Project("{2150E333-8FDC-42A3-9474-1A3956D46DE8}") = "examples", "examples", "{DA1A43C4-F758-47E2-870A-7E5BBB946671}"
EndProject
Project("{9A19103F-16F7-4668-BE54-9A1E7A4F7556}") = "DiagnosticsExample", "..\..\..\examples\dotnet-diagnostics\DiagnosticsExample\DiagnosticsExample.csproj", "{24E64AFE-D2C5-487D-85F3-B0CE5AC0A128}"
EndProject
Project("{2150E333-8FDC-42A3-9474-1A3956D46DE8}") = "src", "src", "{9173857E-84BF-4F8B-906B-39BCF0A8915B}"
EndProject
Project("{2150E333-8FDC-42A3-9474-1A3956D46DE8}") = "module-catalog", "module-catalog", "{B7A04459-C612-447F-9245-75DFAF23C31D}"
	ProjectSection(SolutionItems) = preProject
		examples\module-catalog.json = examples\module-catalog.json
	EndProjectSection
EndProject
Project("{2150E333-8FDC-42A3-9474-1A3956D46DE8}") = "app-directory", "app-directory", "{56F41D4A-5A4C-4F41-86CA-1B003992F083}"
	ProjectSection(SolutionItems) = preProject
		..\..\..\examples\fdc3-appdirectory\apps-with-intents.json = ..\..\..\examples\fdc3-appdirectory\apps-with-intents.json
		..\..\..\examples\fdc3-appdirectory\apps.json = ..\..\..\examples\fdc3-appdirectory\apps.json
		..\..\..\examples\fdc3-appdirectory\privatechannels.json = ..\..\..\examples\fdc3-appdirectory\privatechannels.json
	EndProjectSection
EndProject
Project("{2150E333-8FDC-42A3-9474-1A3956D46DE8}") = "_", "_", "{1944F009-EA2D-4DA7-A90C-DCAF44D524A4}"
	ProjectSection(SolutionItems) = preProject
		..\..\..\Directory.Build.props = ..\..\..\Directory.Build.props
		..\..\..\Directory.Packages.props = ..\..\..\Directory.Packages.props
		README.md = README.md
	EndProjectSection
EndProject
Project("{9A19103F-16F7-4668-BE54-9A1E7A4F7556}") = "MorganStanley.ComposeUI.Messaging.Abstractions", "..\..\messaging\dotnet\src\Abstractions\MorganStanley.ComposeUI.Messaging.Abstractions.csproj", "{F90449AE-B26E-42E0-873B-4F0CAE6FCD98}"
EndProject
Project("{9A19103F-16F7-4668-BE54-9A1E7A4F7556}") = "MorganStanley.ComposeUI.LayoutPersistence", "..\..\layout-persistence\dotnet\src\MorganStanley.ComposeUI.LayoutPersistence\MorganStanley.ComposeUI.LayoutPersistence.csproj", "{DF5677FE-614D-4BD1-A645-119FBA6F3C34}"
EndProject
Global
	GlobalSection(SolutionConfigurationPlatforms) = preSolution
		Debug|Any CPU = Debug|Any CPU
		Release|Any CPU = Release|Any CPU
	EndGlobalSection
	GlobalSection(ProjectConfigurationPlatforms) = postSolution
		{E82FEAE8-FDB2-45A6-93B6-E94E5478C796}.Debug|Any CPU.ActiveCfg = Debug|Any CPU
		{E82FEAE8-FDB2-45A6-93B6-E94E5478C796}.Debug|Any CPU.Build.0 = Debug|Any CPU
		{E82FEAE8-FDB2-45A6-93B6-E94E5478C796}.Release|Any CPU.ActiveCfg = Release|Any CPU
		{E82FEAE8-FDB2-45A6-93B6-E94E5478C796}.Release|Any CPU.Build.0 = Release|Any CPU
		{B2AA5676-2776-4BDA-95F8-BE09D7642393}.Debug|Any CPU.ActiveCfg = Debug|Any CPU
		{B2AA5676-2776-4BDA-95F8-BE09D7642393}.Debug|Any CPU.Build.0 = Debug|Any CPU
		{B2AA5676-2776-4BDA-95F8-BE09D7642393}.Release|Any CPU.ActiveCfg = Release|Any CPU
		{B2AA5676-2776-4BDA-95F8-BE09D7642393}.Release|Any CPU.Build.0 = Release|Any CPU
		{F0DFAB55-14F5-4FF6-A12F-37B1745D4551}.Debug|Any CPU.ActiveCfg = Debug|Any CPU
		{F0DFAB55-14F5-4FF6-A12F-37B1745D4551}.Debug|Any CPU.Build.0 = Debug|Any CPU
		{F0DFAB55-14F5-4FF6-A12F-37B1745D4551}.Release|Any CPU.ActiveCfg = Release|Any CPU
		{F0DFAB55-14F5-4FF6-A12F-37B1745D4551}.Release|Any CPU.Build.0 = Release|Any CPU
		{70491F36-A27B-4E8C-AFD5-B49480EC1343}.Debug|Any CPU.ActiveCfg = Debug|Any CPU
		{70491F36-A27B-4E8C-AFD5-B49480EC1343}.Debug|Any CPU.Build.0 = Debug|Any CPU
		{70491F36-A27B-4E8C-AFD5-B49480EC1343}.Release|Any CPU.ActiveCfg = Release|Any CPU
		{70491F36-A27B-4E8C-AFD5-B49480EC1343}.Release|Any CPU.Build.0 = Release|Any CPU
		{DD91C297-06D4-4578-9C75-1BA5D8595AA0}.Debug|Any CPU.ActiveCfg = Debug|Any CPU
		{DD91C297-06D4-4578-9C75-1BA5D8595AA0}.Debug|Any CPU.Build.0 = Debug|Any CPU
		{DD91C297-06D4-4578-9C75-1BA5D8595AA0}.Release|Any CPU.ActiveCfg = Release|Any CPU
		{DD91C297-06D4-4578-9C75-1BA5D8595AA0}.Release|Any CPU.Build.0 = Release|Any CPU
		{7A94BC15-8FE5-4C84-8572-3C72248AFF8C}.Debug|Any CPU.ActiveCfg = Debug|Any CPU
		{7A94BC15-8FE5-4C84-8572-3C72248AFF8C}.Debug|Any CPU.Build.0 = Debug|Any CPU
		{7A94BC15-8FE5-4C84-8572-3C72248AFF8C}.Release|Any CPU.ActiveCfg = Release|Any CPU
		{7A94BC15-8FE5-4C84-8572-3C72248AFF8C}.Release|Any CPU.Build.0 = Release|Any CPU
		{3153E575-513F-4B1A-86D0-CBE5A7A8C606}.Debug|Any CPU.ActiveCfg = Debug|Any CPU
		{3153E575-513F-4B1A-86D0-CBE5A7A8C606}.Debug|Any CPU.Build.0 = Debug|Any CPU
		{3153E575-513F-4B1A-86D0-CBE5A7A8C606}.Release|Any CPU.ActiveCfg = Release|Any CPU
		{3153E575-513F-4B1A-86D0-CBE5A7A8C606}.Release|Any CPU.Build.0 = Release|Any CPU
		{70EAC402-B711-4528-B4DE-34081EB8676E}.Debug|Any CPU.ActiveCfg = Debug|Any CPU
		{70EAC402-B711-4528-B4DE-34081EB8676E}.Debug|Any CPU.Build.0 = Debug|Any CPU
		{70EAC402-B711-4528-B4DE-34081EB8676E}.Release|Any CPU.ActiveCfg = Release|Any CPU
		{70EAC402-B711-4528-B4DE-34081EB8676E}.Release|Any CPU.Build.0 = Release|Any CPU
		{F94A14A9-38B2-4573-A74B-979044428152}.Debug|Any CPU.ActiveCfg = Debug|Any CPU
		{F94A14A9-38B2-4573-A74B-979044428152}.Debug|Any CPU.Build.0 = Debug|Any CPU
		{F94A14A9-38B2-4573-A74B-979044428152}.Release|Any CPU.ActiveCfg = Release|Any CPU
		{F94A14A9-38B2-4573-A74B-979044428152}.Release|Any CPU.Build.0 = Release|Any CPU
		{1D387A56-DC64-4EB0-870D-3872BE4716B4}.Debug|Any CPU.ActiveCfg = Debug|Any CPU
		{1D387A56-DC64-4EB0-870D-3872BE4716B4}.Debug|Any CPU.Build.0 = Debug|Any CPU
		{1D387A56-DC64-4EB0-870D-3872BE4716B4}.Release|Any CPU.ActiveCfg = Release|Any CPU
		{1D387A56-DC64-4EB0-870D-3872BE4716B4}.Release|Any CPU.Build.0 = Release|Any CPU
		{990C5E01-FA98-4E26-A746-88731A78D502}.Debug|Any CPU.ActiveCfg = Debug|Any CPU
		{990C5E01-FA98-4E26-A746-88731A78D502}.Debug|Any CPU.Build.0 = Debug|Any CPU
		{990C5E01-FA98-4E26-A746-88731A78D502}.Release|Any CPU.ActiveCfg = Release|Any CPU
		{990C5E01-FA98-4E26-A746-88731A78D502}.Release|Any CPU.Build.0 = Release|Any CPU
		{24E64AFE-D2C5-487D-85F3-B0CE5AC0A128}.Debug|Any CPU.ActiveCfg = Debug|Any CPU
		{24E64AFE-D2C5-487D-85F3-B0CE5AC0A128}.Debug|Any CPU.Build.0 = Debug|Any CPU
		{24E64AFE-D2C5-487D-85F3-B0CE5AC0A128}.Release|Any CPU.ActiveCfg = Release|Any CPU
		{24E64AFE-D2C5-487D-85F3-B0CE5AC0A128}.Release|Any CPU.Build.0 = Release|Any CPU
		{F90449AE-B26E-42E0-873B-4F0CAE6FCD98}.Debug|Any CPU.ActiveCfg = Debug|Any CPU
		{F90449AE-B26E-42E0-873B-4F0CAE6FCD98}.Debug|Any CPU.Build.0 = Debug|Any CPU
		{F90449AE-B26E-42E0-873B-4F0CAE6FCD98}.Release|Any CPU.ActiveCfg = Release|Any CPU
		{F90449AE-B26E-42E0-873B-4F0CAE6FCD98}.Release|Any CPU.Build.0 = Release|Any CPU
		{DF5677FE-614D-4BD1-A645-119FBA6F3C34}.Debug|Any CPU.ActiveCfg = Debug|Any CPU
		{DF5677FE-614D-4BD1-A645-119FBA6F3C34}.Debug|Any CPU.Build.0 = Debug|Any CPU
		{DF5677FE-614D-4BD1-A645-119FBA6F3C34}.Release|Any CPU.ActiveCfg = Release|Any CPU
		{DF5677FE-614D-4BD1-A645-119FBA6F3C34}.Release|Any CPU.Build.0 = Release|Any CPU
	EndGlobalSection
	GlobalSection(SolutionProperties) = preSolution
		HideSolutionNode = FALSE
	EndGlobalSection
	GlobalSection(NestedProjects) = preSolution
		{B2AA5676-2776-4BDA-95F8-BE09D7642393} = {E7A2C581-4BF4-47A5-8A11-59B2DEBADCA7}
		{F0DFAB55-14F5-4FF6-A12F-37B1745D4551} = {E7A2C581-4BF4-47A5-8A11-59B2DEBADCA7}
		{70491F36-A27B-4E8C-AFD5-B49480EC1343} = {BEA71FE5-7EC8-4BEA-819B-C0DB33125D91}
		{DD91C297-06D4-4578-9C75-1BA5D8595AA0} = {E7A2C581-4BF4-47A5-8A11-59B2DEBADCA7}
		{7A94BC15-8FE5-4C84-8572-3C72248AFF8C} = {E7A2C581-4BF4-47A5-8A11-59B2DEBADCA7}
		{3153E575-513F-4B1A-86D0-CBE5A7A8C606} = {E7A2C581-4BF4-47A5-8A11-59B2DEBADCA7}
		{70EAC402-B711-4528-B4DE-34081EB8676E} = {E7A2C581-4BF4-47A5-8A11-59B2DEBADCA7}
		{F94A14A9-38B2-4573-A74B-979044428152} = {E7A2C581-4BF4-47A5-8A11-59B2DEBADCA7}
		{1D387A56-DC64-4EB0-870D-3872BE4716B4} = {E7A2C581-4BF4-47A5-8A11-59B2DEBADCA7}
		{990C5E01-FA98-4E26-A746-88731A78D502} = {E7A2C581-4BF4-47A5-8A11-59B2DEBADCA7}
		{24E64AFE-D2C5-487D-85F3-B0CE5AC0A128} = {DA1A43C4-F758-47E2-870A-7E5BBB946671}
		{B7A04459-C612-447F-9245-75DFAF23C31D} = {DA1A43C4-F758-47E2-870A-7E5BBB946671}
		{56F41D4A-5A4C-4F41-86CA-1B003992F083} = {DA1A43C4-F758-47E2-870A-7E5BBB946671}
		{F90449AE-B26E-42E0-873B-4F0CAE6FCD98} = {E7A2C581-4BF4-47A5-8A11-59B2DEBADCA7}
		{DF5677FE-614D-4BD1-A645-119FBA6F3C34} = {E7A2C581-4BF4-47A5-8A11-59B2DEBADCA7}
	EndGlobalSection
	GlobalSection(ExtensibilityGlobals) = postSolution
		SolutionGuid = {4C901E6C-4B9A-48C2-AB16-461040DC57B4}
	EndGlobalSection
EndGlobal
