
Microsoft Visual Studio Solution File, Format Version 12.00
# Visual Studio Version 17
VisualStudioVersion = 17.0.31903.59
MinimumVisualStudioVersion = 10.0.40219.1
Project("{FAE04EC0-301F-11D3-BF4B-00C04F79EFBC}") = "MorganStanley.ComposeUI.Messaging.Abstractions", "src\Abstractions\MorganStanley.ComposeUI.Messaging.Abstractions.csproj", "{2F0D6AA5-E922-4EAE-B627-4449A92CCD43}"
EndProject
Project("{9A19103F-16F7-4668-BE54-9A1E7A4F7556}") = "MorganStanley.ComposeUI.Messaging.Core", "src\Core\MorganStanley.ComposeUI.Messaging.Core.csproj", "{FC647551-B014-49A8-817E-F5FE6FEBF452}"
EndProject
Project("{9A19103F-16F7-4668-BE54-9A1E7A4F7556}") = "MorganStanley.ComposeUI.Messaging.Client", "src\Client\MorganStanley.ComposeUI.Messaging.Client.csproj", "{A3156691-0B46-4C3D-B042-E71D9BAF02EC}"
EndProject
Project("{9A19103F-16F7-4668-BE54-9A1E7A4F7556}") = "MorganStanley.ComposeUI.Messaging.Server", "src\Server\MorganStanley.ComposeUI.Messaging.Server.csproj", "{4AEFD2AA-CF42-401D-A058-E2B4C8E12283}"
EndProject
Project("{9A19103F-16F7-4668-BE54-9A1E7A4F7556}") = "MorganStanley.ComposeUI.Messaging.Server.Tests", "test\Server.Tests\MorganStanley.ComposeUI.Messaging.Server.Tests.csproj", "{C95F8B4A-7E42-43A6-A57E-C3ACB6255EA3}"
EndProject
Project("{9A19103F-16F7-4668-BE54-9A1E7A4F7556}") = "MorganStanley.ComposeUI.Messaging.Host", "src\Host\MorganStanley.ComposeUI.Messaging.Host.csproj", "{C53E9D27-790A-450D-8E29-9B40E7D586CB}"
EndProject
Project("{9A19103F-16F7-4668-BE54-9A1E7A4F7556}") = "MorganStanley.ComposeUI.Messaging.IntegrationTests", "test\IntegrationTests\MorganStanley.ComposeUI.Messaging.IntegrationTests.csproj", "{684367EE-406C-4727-993D-EF4B6FF5C37C}"
EndProject
Project("{9A19103F-16F7-4668-BE54-9A1E7A4F7556}") = "MorganStanley.ComposeUI.Messaging.Core.Tests", "test\Core.Tests\MorganStanley.ComposeUI.Messaging.Core.Tests.csproj", "{CDC30566-1801-40CD-9EBD-2913418FC2F9}"
EndProject
Project("{9A19103F-16F7-4668-BE54-9A1E7A4F7556}") = "TestServer", "examples\TestServer\TestServer.csproj", "{29122DF1-0AE3-4101-9D96-4711553C7696}"
EndProject
Project("{2150E333-8FDC-42A3-9474-1A3956D46DE8}") = "src", "src", "{37DE16A7-F731-4206-B650-8A1D9D066B60}"
EndProject
Project("{2150E333-8FDC-42A3-9474-1A3956D46DE8}") = "test", "test", "{78E94277-B0B4-425C-9C47-81E09933FE5B}"
EndProject
Project("{2150E333-8FDC-42A3-9474-1A3956D46DE8}") = "examples", "examples", "{B245E9BB-69CC-4457-9FDF-635E742993CB}"
EndProject
Project("{9A19103F-16F7-4668-BE54-9A1E7A4F7556}") = "MorganStanley.ComposeUI.Messaging.Client.Tests", "test\Client.Tests\MorganStanley.ComposeUI.Messaging.Client.Tests.csproj", "{AA63BC7C-9DB8-4062-A689-7FA9689EF6B1}"
EndProject
Project("{2150E333-8FDC-42A3-9474-1A3956D46DE8}") = "lib", "lib", "{B7E63957-3C1B-4A16-B530-3EAD0D0C5F07}"
EndProject
Project("{9A19103F-16F7-4668-BE54-9A1E7A4F7556}") = "MorganStanley.ComposeUI.Messaging.Host.Tests", "test\Host.Tests\MorganStanley.ComposeUI.Messaging.Host.Tests.csproj", "{CEF78D3F-C645-4471-BAD2-9C538A0CA763}"
EndProject
Project("{9A19103F-16F7-4668-BE54-9A1E7A4F7556}") = "MorganStanley.ComposeUI.Testing", "..\..\shared\dotnet\tests\TestUtils\MorganStanley.ComposeUI.Testing\MorganStanley.ComposeUI.Testing.csproj", "{F1B0C089-450E-4B02-881F-F41A8B7F5867}"
EndProject
Project("{2150E333-8FDC-42A3-9474-1A3956D46DE8}") = "architecture", "architecture", "{67CE7BC8-38DA-4A0D-868A-9C0B75766E00}"
	ProjectSection(SolutionItems) = preProject
		..\..\..\site\content\architecture\adr-001-use-adrs.mdx = ..\..\..\site\content\architecture\adr-001-use-adrs.mdx
		..\..\..\site\content\architecture\adr-002-configuration.mdx = ..\..\..\site\content\architecture\adr-002-configuration.mdx
		..\..\..\site\content\architecture\adr-003-solution-and-project-structure.mdx = ..\..\..\site\content\architecture\adr-003-solution-and-project-structure.mdx
		..\..\..\site\content\architecture\adr-004-module-loading.mdx = ..\..\..\site\content\architecture\adr-004-module-loading.mdx
		..\..\..\site\content\architecture\adr-005-messaging.mdx = ..\..\..\site\content\architecture\adr-005-messaging.mdx
		..\..\..\site\content\architecture\adr-006-observability.mdx = ..\..\..\site\content\architecture\adr-006-observability.mdx
		..\..\..\site\content\architecture\adr-007-use-c4.mdx = ..\..\..\site\content\architecture\adr-007-use-c4.mdx
		..\..\..\site\content\architecture\adr-008-module-security.mdx = ..\..\..\site\content\architecture\adr-008-module-security.mdx
		..\..\..\site\content\architecture\adr-009-message-router.mdx = ..\..\..\site\content\architecture\adr-009-message-router.mdx
		..\..\..\site\content\architecture\adr-010-built-in-apis.mdx = ..\..\..\site\content\architecture\adr-010-built-in-apis.mdx
		..\..\..\site\content\architecture\adr-011-process-ownership.mdx = ..\..\..\site\content\architecture\adr-011-process-ownership.mdx
		..\..\..\site\content\architecture\adr-012-message-router.mdx = ..\..\..\site\content\architecture\adr-012-message-router.mdx
		..\..\..\site\content\architecture\adr-013-script-preloading-security.mdx = ..\..\..\site\content\architecture\adr-013-script-preloading-security.mdx
		..\..\..\site\content\architecture\adr-014-module-catalog.mdx = ..\..\..\site\content\architecture\adr-014-module-catalog.mdx
		..\..\..\site\content\architecture\adr-015-module-loader-events.mdx = ..\..\..\site\content\architecture\adr-015-module-loader-events.mdx
		..\..\..\site\content\architecture\adr-016-shell-api.mdx = ..\..\..\site\content\architecture\adr-016-shell-api.mdx
	EndProjectSection
EndProject
Global
	GlobalSection(SolutionConfigurationPlatforms) = preSolution
		Debug|Any CPU = Debug|Any CPU
		Release|Any CPU = Release|Any CPU
	EndGlobalSection
	GlobalSection(ProjectConfigurationPlatforms) = postSolution
		{FC647551-B014-49A8-817E-F5FE6FEBF452}.Debug|Any CPU.ActiveCfg = Debug|Any CPU
		{FC647551-B014-49A8-817E-F5FE6FEBF452}.Debug|Any CPU.Build.0 = Debug|Any CPU
		{FC647551-B014-49A8-817E-F5FE6FEBF452}.Release|Any CPU.ActiveCfg = Release|Any CPU
		{FC647551-B014-49A8-817E-F5FE6FEBF452}.Release|Any CPU.Build.0 = Release|Any CPU
		{A3156691-0B46-4C3D-B042-E71D9BAF02EC}.Debug|Any CPU.ActiveCfg = Debug|Any CPU
		{A3156691-0B46-4C3D-B042-E71D9BAF02EC}.Debug|Any CPU.Build.0 = Debug|Any CPU
		{A3156691-0B46-4C3D-B042-E71D9BAF02EC}.Release|Any CPU.ActiveCfg = Release|Any CPU
		{A3156691-0B46-4C3D-B042-E71D9BAF02EC}.Release|Any CPU.Build.0 = Release|Any CPU
		{4AEFD2AA-CF42-401D-A058-E2B4C8E12283}.Debug|Any CPU.ActiveCfg = Debug|Any CPU
		{4AEFD2AA-CF42-401D-A058-E2B4C8E12283}.Debug|Any CPU.Build.0 = Debug|Any CPU
		{4AEFD2AA-CF42-401D-A058-E2B4C8E12283}.Release|Any CPU.ActiveCfg = Release|Any CPU
		{4AEFD2AA-CF42-401D-A058-E2B4C8E12283}.Release|Any CPU.Build.0 = Release|Any CPU
		{C95F8B4A-7E42-43A6-A57E-C3ACB6255EA3}.Debug|Any CPU.ActiveCfg = Debug|Any CPU
		{C95F8B4A-7E42-43A6-A57E-C3ACB6255EA3}.Debug|Any CPU.Build.0 = Debug|Any CPU
		{C95F8B4A-7E42-43A6-A57E-C3ACB6255EA3}.Release|Any CPU.ActiveCfg = Release|Any CPU
		{C95F8B4A-7E42-43A6-A57E-C3ACB6255EA3}.Release|Any CPU.Build.0 = Release|Any CPU
		{C53E9D27-790A-450D-8E29-9B40E7D586CB}.Debug|Any CPU.ActiveCfg = Debug|Any CPU
		{C53E9D27-790A-450D-8E29-9B40E7D586CB}.Debug|Any CPU.Build.0 = Debug|Any CPU
		{C53E9D27-790A-450D-8E29-9B40E7D586CB}.Release|Any CPU.ActiveCfg = Release|Any CPU
		{C53E9D27-790A-450D-8E29-9B40E7D586CB}.Release|Any CPU.Build.0 = Release|Any CPU
		{684367EE-406C-4727-993D-EF4B6FF5C37C}.Debug|Any CPU.ActiveCfg = Debug|Any CPU
		{684367EE-406C-4727-993D-EF4B6FF5C37C}.Debug|Any CPU.Build.0 = Debug|Any CPU
		{684367EE-406C-4727-993D-EF4B6FF5C37C}.Release|Any CPU.ActiveCfg = Release|Any CPU
		{684367EE-406C-4727-993D-EF4B6FF5C37C}.Release|Any CPU.Build.0 = Release|Any CPU
		{CDC30566-1801-40CD-9EBD-2913418FC2F9}.Debug|Any CPU.ActiveCfg = Debug|Any CPU
		{CDC30566-1801-40CD-9EBD-2913418FC2F9}.Debug|Any CPU.Build.0 = Debug|Any CPU
		{CDC30566-1801-40CD-9EBD-2913418FC2F9}.Release|Any CPU.ActiveCfg = Release|Any CPU
		{CDC30566-1801-40CD-9EBD-2913418FC2F9}.Release|Any CPU.Build.0 = Release|Any CPU
		{29122DF1-0AE3-4101-9D96-4711553C7696}.Debug|Any CPU.ActiveCfg = Debug|Any CPU
		{29122DF1-0AE3-4101-9D96-4711553C7696}.Debug|Any CPU.Build.0 = Debug|Any CPU
		{29122DF1-0AE3-4101-9D96-4711553C7696}.Release|Any CPU.ActiveCfg = Release|Any CPU
		{29122DF1-0AE3-4101-9D96-4711553C7696}.Release|Any CPU.Build.0 = Release|Any CPU
		{AA63BC7C-9DB8-4062-A689-7FA9689EF6B1}.Debug|Any CPU.ActiveCfg = Debug|Any CPU
		{AA63BC7C-9DB8-4062-A689-7FA9689EF6B1}.Debug|Any CPU.Build.0 = Debug|Any CPU
		{AA63BC7C-9DB8-4062-A689-7FA9689EF6B1}.Release|Any CPU.ActiveCfg = Release|Any CPU
		{AA63BC7C-9DB8-4062-A689-7FA9689EF6B1}.Release|Any CPU.Build.0 = Release|Any CPU
		{CEF78D3F-C645-4471-BAD2-9C538A0CA763}.Debug|Any CPU.ActiveCfg = Debug|Any CPU
		{CEF78D3F-C645-4471-BAD2-9C538A0CA763}.Debug|Any CPU.Build.0 = Debug|Any CPU
		{CEF78D3F-C645-4471-BAD2-9C538A0CA763}.Release|Any CPU.ActiveCfg = Release|Any CPU
		{CEF78D3F-C645-4471-BAD2-9C538A0CA763}.Release|Any CPU.Build.0 = Release|Any CPU
		{F1B0C089-450E-4B02-881F-F41A8B7F5867}.Debug|Any CPU.ActiveCfg = Debug|Any CPU
		{F1B0C089-450E-4B02-881F-F41A8B7F5867}.Debug|Any CPU.Build.0 = Debug|Any CPU
		{F1B0C089-450E-4B02-881F-F41A8B7F5867}.Release|Any CPU.ActiveCfg = Release|Any CPU
		{F1B0C089-450E-4B02-881F-F41A8B7F5867}.Release|Any CPU.Build.0 = Release|Any CPU
		{2F0D6AA5-E922-4EAE-B627-4449A92CCD43}.Debug|Any CPU.ActiveCfg = Debug|Any CPU
		{2F0D6AA5-E922-4EAE-B627-4449A92CCD43}.Debug|Any CPU.Build.0 = Debug|Any CPU
		{2F0D6AA5-E922-4EAE-B627-4449A92CCD43}.Release|Any CPU.ActiveCfg = Release|Any CPU
		{2F0D6AA5-E922-4EAE-B627-4449A92CCD43}.Release|Any CPU.Build.0 = Release|Any CPU
	EndGlobalSection
	GlobalSection(SolutionProperties) = preSolution
		HideSolutionNode = FALSE
	EndGlobalSection
	GlobalSection(NestedProjects) = preSolution
		{FC647551-B014-49A8-817E-F5FE6FEBF452} = {37DE16A7-F731-4206-B650-8A1D9D066B60}
		{A3156691-0B46-4C3D-B042-E71D9BAF02EC} = {37DE16A7-F731-4206-B650-8A1D9D066B60}
		{4AEFD2AA-CF42-401D-A058-E2B4C8E12283} = {37DE16A7-F731-4206-B650-8A1D9D066B60}
		{C95F8B4A-7E42-43A6-A57E-C3ACB6255EA3} = {78E94277-B0B4-425C-9C47-81E09933FE5B}
		{C53E9D27-790A-450D-8E29-9B40E7D586CB} = {37DE16A7-F731-4206-B650-8A1D9D066B60}
		{684367EE-406C-4727-993D-EF4B6FF5C37C} = {78E94277-B0B4-425C-9C47-81E09933FE5B}
		{CDC30566-1801-40CD-9EBD-2913418FC2F9} = {78E94277-B0B4-425C-9C47-81E09933FE5B}
		{29122DF1-0AE3-4101-9D96-4711553C7696} = {B245E9BB-69CC-4457-9FDF-635E742993CB}
		{AA63BC7C-9DB8-4062-A689-7FA9689EF6B1} = {78E94277-B0B4-425C-9C47-81E09933FE5B}
		{CEF78D3F-C645-4471-BAD2-9C538A0CA763} = {78E94277-B0B4-425C-9C47-81E09933FE5B}
		{F1B0C089-450E-4B02-881F-F41A8B7F5867} = {B7E63957-3C1B-4A16-B530-3EAD0D0C5F07}
		{2F0D6AA5-E922-4EAE-B627-4449A92CCD43} = {37DE16A7-F731-4206-B650-8A1D9D066B60}
	EndGlobalSection
	GlobalSection(ExtensibilityGlobals) = postSolution
		SolutionGuid = {38CFF5DF-459A-49E1-8189-2DB429A99B3A}
	EndGlobalSection
EndGlobal
