<!-- Morgan Stanley makes this available to you under the Apache License, Version 2.0 (the "License").You may obtain a copy of the License at http://www.apache.org/licenses/LICENSE-2.0.See the NOTICE file distributed with this work for additional information regarding copyright ownership.nless required by applicable law or agreed to in writing, software distributed under the License is distributed on an "AS IS" BASIS, WITHOUT WARRANTIES OR CONDITIONS OF ANY KIND, either express or implied. See the License for the specific language governing permissions and limitations under the License.-->
Microsoft Visual Studio Solution File, Format Version 12.00
# Visual Studio Version 17
VisualStudioVersion = 17.0.32112.339
MinimumVisualStudioVersion = 10.0.40219.1
Project("{9A19103F-16F7-4668-BE54-9A1E7A4F7556}") = "MorganStanley.ComposeUI.Prototypes.NoPluginsPrototype", "MorganStanley.ComposeUI.Prototypes.NoPluginsPrototype.csproj", "{49279A6F-C9BC-4EFF-BBBB-72789599A46C}"
EndProject
Project("{2150E333-8FDC-42A3-9474-1A3956D46DE8}") = "Common", "Common", "{1ED5A035-825C-40C9-95F9-F0E275F3187A}"
EndProject
Project("{9A19103F-16F7-4668-BE54-9A1E7A4F7556}") = "MorganStanley.ComposeUI.Common.BasicModels", "..\..\src\Common\MorganStanley.ComposeUI.Common.BasicModels\MorganStanley.ComposeUI.Common.BasicModels.csproj", "{40EC45C4-0325-4851-AB1C-64B27ED28BAD}"
EndProject
Project("{9A19103F-16F7-4668-BE54-9A1E7A4F7556}") = "MorganStanley.ComposeUI.Common.Interfaces", "..\..\src\Common\MorganStanley.ComposeUI.Common.Interfaces\MorganStanley.ComposeUI.Common.Interfaces.csproj", "{D5EBE540-94D0-4E33-A467-C3BDAD5DCB14}"
EndProject
Project("{9A19103F-16F7-4668-BE54-9A1E7A4F7556}") = "MorganStanley.ComposeUI.Common.Utilities", "..\..\src\Common\MorganStanley.ComposeUI.Common.Utilities\MorganStanley.ComposeUI.Common.Utilities.csproj", "{60A6B771-3B8B-4CF7-81F7-E8D1A20E22CC}"
EndProject
Project("{9A19103F-16F7-4668-BE54-9A1E7A4F7556}") = "MorganStanley.ComposeUI.Common.VisualUtils", "..\..\src\Common\MorganStanley.ComposeUI.Common.VisualUtils\MorganStanley.ComposeUI.Common.VisualUtils.csproj", "{AD4ABE76-2E9D-49E2-AFD5-2722D410A987}"
EndProject
Project("{2150E333-8FDC-42A3-9474-1A3956D46DE8}") = "Playground", "Playground", "{2D94959E-539E-43A8-B50D-435D969059FF}"
EndProject
Project("{9A19103F-16F7-4668-BE54-9A1E7A4F7556}") = "MorganStanley.ComposeUI.Playground.BasicModels", "..\..\Playground\MorganStanley.ComposeUI.Playground.BasicModels\MorganStanley.ComposeUI.Playground.BasicModels.csproj", "{D25CF673-216B-450C-840A-039ECF088CB7}"
EndProject
Project("{9A19103F-16F7-4668-BE54-9A1E7A4F7556}") = "MorganStanley.ComposeUI.Playground.Interfaces", "..\..\Playground\MorganStanley.ComposeUI.Playground.Interfaces\MorganStanley.ComposeUI.Playground.Interfaces.csproj", "{6BCE1270-464D-42CB-B07E-1B0A88A70D6F}"
EndProject
Project("{9A19103F-16F7-4668-BE54-9A1E7A4F7556}") = "MorganStanley.ComposeUI.Playground.Utilities", "..\..\Playground\MorganStanley.ComposeUI.Playground.Utilities\MorganStanley.ComposeUI.Playground.Utilities.csproj", "{E2CC1CB0-7895-4A50-B62A-20F313A4C3B0}"
EndProject
Project("{9A19103F-16F7-4668-BE54-9A1E7A4F7556}") = "MorganStanley.ComposeUI.Playground.VisualUtils", "..\..\Playground\MorganStanley.ComposeUI.Playground.VisualUtils\MorganStanley.ComposeUI.Playground.VisualUtils.csproj", "{AE26BC29-2929-4A96-9789-1039D7806D98}"
EndProject
Project("{2150E333-8FDC-42A3-9474-1A3956D46DE8}") = "Plugins", "Plugins", "{B530EC0C-92A5-445F-8938-DBCD083DCF19}"
EndProject
Project("{2150E333-8FDC-42A3-9474-1A3956D46DE8}") = "Plugins", "Plugins", "{713AD7B2-EB14-40B5-A49F-6447C3F5254A}"
EndProject
Project("{2150E333-8FDC-42A3-9474-1A3956D46DE8}") = "Services", "Services", "{D1DC0BB5-C429-4192-BF01-EF58D6B0F9AB}"
EndProject
Project("{2150E333-8FDC-42A3-9474-1A3956D46DE8}") = "ViewViewModelPlugins", "ViewViewModelPlugins", "{E83B541E-8621-47EA-8227-A36A196A66E0}"
EndProject
Project("{2150E333-8FDC-42A3-9474-1A3956D46DE8}") = "Services", "Services", "{E6C5099B-43B2-480E-8AD7-CBE18D807E92}"
EndProject
Project("{2150E333-8FDC-42A3-9474-1A3956D46DE8}") = "ViewViewModelPlugins", "ViewViewModelPlugins", "{CDB0B36B-D97F-44B9-AB7C-13CAB544312A}"
EndProject
Global
	GlobalSection(SolutionConfigurationPlatforms) = preSolution
		Debug|Any CPU = Debug|Any CPU
		Release|Any CPU = Release|Any CPU
	EndGlobalSection
	GlobalSection(ProjectConfigurationPlatforms) = postSolution
		{49279A6F-C9BC-4EFF-BBBB-72789599A46C}.Debug|Any CPU.ActiveCfg = Debug|Any CPU
		{49279A6F-C9BC-4EFF-BBBB-72789599A46C}.Debug|Any CPU.Build.0 = Debug|Any CPU
		{49279A6F-C9BC-4EFF-BBBB-72789599A46C}.Release|Any CPU.ActiveCfg = Release|Any CPU
		{49279A6F-C9BC-4EFF-BBBB-72789599A46C}.Release|Any CPU.Build.0 = Release|Any CPU
		{40EC45C4-0325-4851-AB1C-64B27ED28BAD}.Debug|Any CPU.ActiveCfg = Debug|Any CPU
		{40EC45C4-0325-4851-AB1C-64B27ED28BAD}.Debug|Any CPU.Build.0 = Debug|Any CPU
		{40EC45C4-0325-4851-AB1C-64B27ED28BAD}.Release|Any CPU.ActiveCfg = Release|Any CPU
		{40EC45C4-0325-4851-AB1C-64B27ED28BAD}.Release|Any CPU.Build.0 = Release|Any CPU
		{D5EBE540-94D0-4E33-A467-C3BDAD5DCB14}.Debug|Any CPU.ActiveCfg = Debug|Any CPU
		{D5EBE540-94D0-4E33-A467-C3BDAD5DCB14}.Debug|Any CPU.Build.0 = Debug|Any CPU
		{D5EBE540-94D0-4E33-A467-C3BDAD5DCB14}.Release|Any CPU.ActiveCfg = Release|Any CPU
		{D5EBE540-94D0-4E33-A467-C3BDAD5DCB14}.Release|Any CPU.Build.0 = Release|Any CPU
		{60A6B771-3B8B-4CF7-81F7-E8D1A20E22CC}.Debug|Any CPU.ActiveCfg = Debug|Any CPU
		{60A6B771-3B8B-4CF7-81F7-E8D1A20E22CC}.Debug|Any CPU.Build.0 = Debug|Any CPU
		{60A6B771-3B8B-4CF7-81F7-E8D1A20E22CC}.Release|Any CPU.ActiveCfg = Release|Any CPU
		{60A6B771-3B8B-4CF7-81F7-E8D1A20E22CC}.Release|Any CPU.Build.0 = Release|Any CPU
		{AD4ABE76-2E9D-49E2-AFD5-2722D410A987}.Debug|Any CPU.ActiveCfg = Debug|Any CPU
		{AD4ABE76-2E9D-49E2-AFD5-2722D410A987}.Debug|Any CPU.Build.0 = Debug|Any CPU
		{AD4ABE76-2E9D-49E2-AFD5-2722D410A987}.Release|Any CPU.ActiveCfg = Release|Any CPU
		{AD4ABE76-2E9D-49E2-AFD5-2722D410A987}.Release|Any CPU.Build.0 = Release|Any CPU
		{D25CF673-216B-450C-840A-039ECF088CB7}.Debug|Any CPU.ActiveCfg = Debug|Any CPU
		{D25CF673-216B-450C-840A-039ECF088CB7}.Debug|Any CPU.Build.0 = Debug|Any CPU
		{D25CF673-216B-450C-840A-039ECF088CB7}.Release|Any CPU.ActiveCfg = Release|Any CPU
		{D25CF673-216B-450C-840A-039ECF088CB7}.Release|Any CPU.Build.0 = Release|Any CPU
		{6BCE1270-464D-42CB-B07E-1B0A88A70D6F}.Debug|Any CPU.ActiveCfg = Debug|Any CPU
		{6BCE1270-464D-42CB-B07E-1B0A88A70D6F}.Debug|Any CPU.Build.0 = Debug|Any CPU
		{6BCE1270-464D-42CB-B07E-1B0A88A70D6F}.Release|Any CPU.ActiveCfg = Release|Any CPU
		{6BCE1270-464D-42CB-B07E-1B0A88A70D6F}.Release|Any CPU.Build.0 = Release|Any CPU
		{E2CC1CB0-7895-4A50-B62A-20F313A4C3B0}.Debug|Any CPU.ActiveCfg = Debug|Any CPU
		{E2CC1CB0-7895-4A50-B62A-20F313A4C3B0}.Debug|Any CPU.Build.0 = Debug|Any CPU
		{E2CC1CB0-7895-4A50-B62A-20F313A4C3B0}.Release|Any CPU.ActiveCfg = Release|Any CPU
		{E2CC1CB0-7895-4A50-B62A-20F313A4C3B0}.Release|Any CPU.Build.0 = Release|Any CPU
		{AE26BC29-2929-4A96-9789-1039D7806D98}.Debug|Any CPU.ActiveCfg = Debug|Any CPU
		{AE26BC29-2929-4A96-9789-1039D7806D98}.Debug|Any CPU.Build.0 = Debug|Any CPU
		{AE26BC29-2929-4A96-9789-1039D7806D98}.Release|Any CPU.ActiveCfg = Release|Any CPU
		{AE26BC29-2929-4A96-9789-1039D7806D98}.Release|Any CPU.Build.0 = Release|Any CPU
	EndGlobalSection
	GlobalSection(SolutionProperties) = preSolution
		HideSolutionNode = FALSE
	EndGlobalSection
	GlobalSection(NestedProjects) = preSolution
		{40EC45C4-0325-4851-AB1C-64B27ED28BAD} = {1ED5A035-825C-40C9-95F9-F0E275F3187A}
		{D5EBE540-94D0-4E33-A467-C3BDAD5DCB14} = {1ED5A035-825C-40C9-95F9-F0E275F3187A}
		{60A6B771-3B8B-4CF7-81F7-E8D1A20E22CC} = {1ED5A035-825C-40C9-95F9-F0E275F3187A}
		{AD4ABE76-2E9D-49E2-AFD5-2722D410A987} = {1ED5A035-825C-40C9-95F9-F0E275F3187A}
		{D25CF673-216B-450C-840A-039ECF088CB7} = {2D94959E-539E-43A8-B50D-435D969059FF}
		{6BCE1270-464D-42CB-B07E-1B0A88A70D6F} = {2D94959E-539E-43A8-B50D-435D969059FF}
		{E2CC1CB0-7895-4A50-B62A-20F313A4C3B0} = {2D94959E-539E-43A8-B50D-435D969059FF}
		{AE26BC29-2929-4A96-9789-1039D7806D98} = {2D94959E-539E-43A8-B50D-435D969059FF}
		{B530EC0C-92A5-445F-8938-DBCD083DCF19} = {2D94959E-539E-43A8-B50D-435D969059FF}
		{D1DC0BB5-C429-4192-BF01-EF58D6B0F9AB} = {B530EC0C-92A5-445F-8938-DBCD083DCF19}
		{E83B541E-8621-47EA-8227-A36A196A66E0} = {B530EC0C-92A5-445F-8938-DBCD083DCF19}
		{E6C5099B-43B2-480E-8AD7-CBE18D807E92} = {713AD7B2-EB14-40B5-A49F-6447C3F5254A}
		{CDB0B36B-D97F-44B9-AB7C-13CAB544312A} = {713AD7B2-EB14-40B5-A49F-6447C3F5254A}
	EndGlobalSection
	GlobalSection(ExtensibilityGlobals) = postSolution
		SolutionGuid = {98497725-4038-46B9-910E-2BADC6FDC7E4}
	EndGlobalSection
EndGlobal
