
Microsoft Visual Studio Solution File, Format Version 12.00
# Visual Studio Version 17
VisualStudioVersion = 17.3.32825.248
MinimumVisualStudioVersion = 10.0.40219.1
Project("{9A19103F-16F7-4668-BE54-9A1E7A4F7556}") = "Shell", "Shell.csproj", "{E82FEAE8-FDB2-45A6-93B6-E94E5478C796}"
EndProject
Project("{2150E333-8FDC-42A3-9474-1A3956D46DE8}") = "lib", "lib", "{E7A2C581-4BF4-47A5-8A11-59B2DEBADCA7}"
EndProject
Project("{9A19103F-16F7-4668-BE54-9A1E7A4F7556}") = "MorganStanley.ComposeUI.Messaging.Core", "..\..\..\src\messaging\dotnet\src\Core\MorganStanley.ComposeUI.Messaging.Core.csproj", "{80902059-F301-4B0E-8CFC-D7E8D27016CA}"
EndProject
Project("{9A19103F-16F7-4668-BE54-9A1E7A4F7556}") = "MorganStanley.ComposeUI.Messaging.Server", "..\..\..\src\messaging\dotnet\src\Server\MorganStanley.ComposeUI.Messaging.Server.csproj", "{9D13920A-70A2-4F38-AA9E-8F811A4C4457}"
EndProject
Global
	GlobalSection(SolutionConfigurationPlatforms) = preSolution
		Debug|Any CPU = Debug|Any CPU
		Release|Any CPU = Release|Any CPU
	EndGlobalSection
	GlobalSection(ProjectConfigurationPlatforms) = postSolution
		{E82FEAE8-FDB2-45A6-93B6-E94E5478C796}.Debug|Any CPU.ActiveCfg = Debug|Any CPU
		{E82FEAE8-FDB2-45A6-93B6-E94E5478C796}.Debug|Any CPU.Build.0 = Debug|Any CPU
		{E82FEAE8-FDB2-45A6-93B6-E94E5478C796}.Release|Any CPU.ActiveCfg = Release|Any CPU
		{E82FEAE8-FDB2-45A6-93B6-E94E5478C796}.Release|Any CPU.Build.0 = Release|Any CPU
		{80902059-F301-4B0E-8CFC-D7E8D27016CA}.Debug|Any CPU.ActiveCfg = Debug|Any CPU
		{80902059-F301-4B0E-8CFC-D7E8D27016CA}.Debug|Any CPU.Build.0 = Debug|Any CPU
		{80902059-F301-4B0E-8CFC-D7E8D27016CA}.Release|Any CPU.ActiveCfg = Release|Any CPU
		{80902059-F301-4B0E-8CFC-D7E8D27016CA}.Release|Any CPU.Build.0 = Release|Any CPU
		{9D13920A-70A2-4F38-AA9E-8F811A4C4457}.Debug|Any CPU.ActiveCfg = Debug|Any CPU
		{9D13920A-70A2-4F38-AA9E-8F811A4C4457}.Debug|Any CPU.Build.0 = Debug|Any CPU
		{9D13920A-70A2-4F38-AA9E-8F811A4C4457}.Release|Any CPU.ActiveCfg = Release|Any CPU
		{9D13920A-70A2-4F38-AA9E-8F811A4C4457}.Release|Any CPU.Build.0 = Release|Any CPU
	EndGlobalSection
	GlobalSection(SolutionProperties) = preSolution
		HideSolutionNode = FALSE
	EndGlobalSection
	GlobalSection(NestedProjects) = preSolution
		{80902059-F301-4B0E-8CFC-D7E8D27016CA} = {E7A2C581-4BF4-47A5-8A11-59B2DEBADCA7}
		{9D13920A-70A2-4F38-AA9E-8F811A4C4457} = {E7A2C581-4BF4-47A5-8A11-59B2DEBADCA7}
	EndGlobalSection
	GlobalSection(ExtensibilityGlobals) = postSolution
		SolutionGuid = {4C901E6C-4B9A-48C2-AB16-461040DC57B4}
	EndGlobalSection
EndGlobal
