
Microsoft Visual Studio Solution File, Format Version 12.00
# Visual Studio Version 17
VisualStudioVersion = 17.0.32112.339
MinimumVisualStudioVersion = 10.0.40219.1
Project("{9A19103F-16F7-4668-BE54-9A1E7A4F7556}") = "ModulesPrototype", "ModulesPrototype\ModulesPrototype.csproj", "{49279A6F-C9BC-4EFF-BBBB-72789599A46C}"
EndProject
Project("{9A19103F-16F7-4668-BE54-9A1E7A4F7556}") = "MorganStanley.ComposeUI.ModuleLoader", "..\..\src\module-loader\dotnet\ModuleLoader\MorganStanley.ComposeUI.ModuleLoader.csproj", "{2D16F7EF-D833-4D9C-90C0-C633F8E33A2B}"
EndProject
Project("{9A19103F-16F7-4668-BE54-9A1E7A4F7556}") = "MorganStanley.ComposeUI.Messaging.Server", "..\..\..\..\src\messaging\dotnet\src\Server\MorganStanley.ComposeUI.Messaging.Server.csproj", "{6019D5A5-3D0C-4A30-8025-B8F30050BEB6}"
EndProject
Project("{9A19103F-16F7-4668-BE54-9A1E7A4F7556}") = "MorganStanley.ComposeUI.Messaging.Core", "..\..\..\..\src\messaging\dotnet\src\Core\MorganStanley.ComposeUI.Messaging.Core.csproj", "{11D505AF-310E-4536-A6DA-3E8DB053D1D6}"
EndProject
Project("{9A19103F-16F7-4668-BE54-9A1E7A4F7556}") = "MorganStanley.ComposeUI.Messaging.Client", "..\..\..\..\src\messaging\dotnet\src\Client\MorganStanley.ComposeUI.Messaging.Client.csproj", "{47CA77F0-3D59-47A6-AE1F-A2BAE2F72222}"
EndProject
Project("{9A19103F-16F7-4668-BE54-9A1E7A4F7556}") = "ComposeUI.Example.DataService", "ComposeUI.Example.DataService\ComposeUI.Example.DataService.csproj", "{C20FA602-71E5-4383-8F8F-B966873EFA69}"
EndProject
Project("{9A19103F-16F7-4668-BE54-9A1E7A4F7556}") = "WPFDataGrid", "ComposeUI.Example.WPFDataGrid\WPFDataGrid.csproj", "{EFF70E7E-C320-4F47-8A13-C1FE5C8F2982}"
EndProject
Project("{2150E333-8FDC-42A3-9474-1A3956D46DE8}") = "Process Explorer", "Process Explorer", "{BF3D9176-E2B0-4C87-9691-8288C257BFAF}"
EndProject
Project("{2150E333-8FDC-42A3-9474-1A3956D46DE8}") = "modules", "modules", "{E761C6B7-625B-47D8-811B-A67B3E7221D5}"
EndProject
Project("{9A19103F-16F7-4668-BE54-9A1E7A4F7556}") = "MorganStanley.ComposeUI.ProcessExplorer.LocalCollector", "..\..\..\process-explorer\dotnet\src\MorganStanley.ComposeUI.LocalCollector\MorganStanley.ComposeUI.ProcessExplorer.LocalCollector.csproj", "{592929ED-A4B6-4A0E-B30B-610D9110BF8E}"
EndProject
Project("{9A19103F-16F7-4668-BE54-9A1E7A4F7556}") = "MorganStanley.ComposeUI.ProcessExplorer.Abstractions", "..\..\..\process-explorer\dotnet\src\MorganStanley.ComposeUI.ProcessExplorer.Abstractions\MorganStanley.ComposeUI.ProcessExplorer.Abstractions.csproj", "{C82B3A79-82C7-409D-868E-0DF45C0DFB56}"
EndProject
Project("{9A19103F-16F7-4668-BE54-9A1E7A4F7556}") = "MorganStanley.ComposeUI.ProcessExplorer.Core", "..\..\..\process-explorer\dotnet\src\MorganStanley.ComposeUI.ProcessExplorer.Core\MorganStanley.ComposeUI.ProcessExplorer.Core.csproj", "{AF8A1D0A-D20F-4853-89C0-C9C80F50C5ED}"
EndProject
Project("{9A19103F-16F7-4668-BE54-9A1E7A4F7556}") = "MorganStanley.ComposeUI.ProcessExplorer.Server", "..\..\..\process-explorer\dotnet\src\MorganStanley.ComposeUI.ProcessExplorer.Server\MorganStanley.ComposeUI.ProcessExplorer.Server.csproj", "{D5327512-2467-4EE0-83F8-3630997703F2}"
EndProject
Project("{9A19103F-16F7-4668-BE54-9A1E7A4F7556}") = "WPFDataGrid.TestApp", "ComposeUI.Example.WPFDataGrid.TestApp\WPFDataGrid.TestApp.csproj", "{DC7886A9-7639-4748-8FAE-D208672BAEB9}"
EndProject
Global
	GlobalSection(SolutionConfigurationPlatforms) = preSolution
		Debug|Any CPU = Debug|Any CPU
		Release|Any CPU = Release|Any CPU
	EndGlobalSection
	GlobalSection(ProjectConfigurationPlatforms) = postSolution
		{49279A6F-C9BC-4EFF-BBBB-72789599A46C}.Debug|Any CPU.ActiveCfg = Debug|Any CPU
		{49279A6F-C9BC-4EFF-BBBB-72789599A46C}.Debug|Any CPU.Build.0 = Debug|Any CPU
		{49279A6F-C9BC-4EFF-BBBB-72789599A46C}.Release|Any CPU.ActiveCfg = Release|Any CPU
		{49279A6F-C9BC-4EFF-BBBB-72789599A46C}.Release|Any CPU.Build.0 = Release|Any CPU
		{2D16F7EF-D833-4D9C-90C0-C633F8E33A2B}.Debug|Any CPU.ActiveCfg = Debug|Any CPU
		{2D16F7EF-D833-4D9C-90C0-C633F8E33A2B}.Debug|Any CPU.Build.0 = Debug|Any CPU
		{2D16F7EF-D833-4D9C-90C0-C633F8E33A2B}.Release|Any CPU.ActiveCfg = Release|Any CPU
		{2D16F7EF-D833-4D9C-90C0-C633F8E33A2B}.Release|Any CPU.Build.0 = Release|Any CPU
		{6019D5A5-3D0C-4A30-8025-B8F30050BEB6}.Debug|Any CPU.ActiveCfg = Debug|Any CPU
		{6019D5A5-3D0C-4A30-8025-B8F30050BEB6}.Debug|Any CPU.Build.0 = Debug|Any CPU
		{6019D5A5-3D0C-4A30-8025-B8F30050BEB6}.Release|Any CPU.ActiveCfg = Release|Any CPU
		{6019D5A5-3D0C-4A30-8025-B8F30050BEB6}.Release|Any CPU.Build.0 = Release|Any CPU
		{11D505AF-310E-4536-A6DA-3E8DB053D1D6}.Debug|Any CPU.ActiveCfg = Debug|Any CPU
		{11D505AF-310E-4536-A6DA-3E8DB053D1D6}.Debug|Any CPU.Build.0 = Debug|Any CPU
		{11D505AF-310E-4536-A6DA-3E8DB053D1D6}.Release|Any CPU.ActiveCfg = Release|Any CPU
		{11D505AF-310E-4536-A6DA-3E8DB053D1D6}.Release|Any CPU.Build.0 = Release|Any CPU
		{47CA77F0-3D59-47A6-AE1F-A2BAE2F72222}.Debug|Any CPU.ActiveCfg = Debug|Any CPU
		{47CA77F0-3D59-47A6-AE1F-A2BAE2F72222}.Debug|Any CPU.Build.0 = Debug|Any CPU
		{47CA77F0-3D59-47A6-AE1F-A2BAE2F72222}.Release|Any CPU.ActiveCfg = Release|Any CPU
		{47CA77F0-3D59-47A6-AE1F-A2BAE2F72222}.Release|Any CPU.Build.0 = Release|Any CPU
		{C20FA602-71E5-4383-8F8F-B966873EFA69}.Debug|Any CPU.ActiveCfg = Debug|Any CPU
		{C20FA602-71E5-4383-8F8F-B966873EFA69}.Debug|Any CPU.Build.0 = Debug|Any CPU
		{C20FA602-71E5-4383-8F8F-B966873EFA69}.Release|Any CPU.ActiveCfg = Release|Any CPU
		{C20FA602-71E5-4383-8F8F-B966873EFA69}.Release|Any CPU.Build.0 = Release|Any CPU
		{EFF70E7E-C320-4F47-8A13-C1FE5C8F2982}.Debug|Any CPU.ActiveCfg = Debug|Any CPU
		{EFF70E7E-C320-4F47-8A13-C1FE5C8F2982}.Debug|Any CPU.Build.0 = Debug|Any CPU
		{EFF70E7E-C320-4F47-8A13-C1FE5C8F2982}.Release|Any CPU.ActiveCfg = Release|Any CPU
		{EFF70E7E-C320-4F47-8A13-C1FE5C8F2982}.Release|Any CPU.Build.0 = Release|Any CPU
		{592929ED-A4B6-4A0E-B30B-610D9110BF8E}.Debug|Any CPU.ActiveCfg = Debug|Any CPU
		{592929ED-A4B6-4A0E-B30B-610D9110BF8E}.Debug|Any CPU.Build.0 = Debug|Any CPU
		{592929ED-A4B6-4A0E-B30B-610D9110BF8E}.Release|Any CPU.ActiveCfg = Release|Any CPU
		{592929ED-A4B6-4A0E-B30B-610D9110BF8E}.Release|Any CPU.Build.0 = Release|Any CPU
		{C82B3A79-82C7-409D-868E-0DF45C0DFB56}.Debug|Any CPU.ActiveCfg = Debug|Any CPU
		{C82B3A79-82C7-409D-868E-0DF45C0DFB56}.Debug|Any CPU.Build.0 = Debug|Any CPU
		{C82B3A79-82C7-409D-868E-0DF45C0DFB56}.Release|Any CPU.ActiveCfg = Release|Any CPU
		{C82B3A79-82C7-409D-868E-0DF45C0DFB56}.Release|Any CPU.Build.0 = Release|Any CPU
		{AF8A1D0A-D20F-4853-89C0-C9C80F50C5ED}.Debug|Any CPU.ActiveCfg = Debug|Any CPU
		{AF8A1D0A-D20F-4853-89C0-C9C80F50C5ED}.Debug|Any CPU.Build.0 = Debug|Any CPU
		{AF8A1D0A-D20F-4853-89C0-C9C80F50C5ED}.Release|Any CPU.ActiveCfg = Release|Any CPU
		{AF8A1D0A-D20F-4853-89C0-C9C80F50C5ED}.Release|Any CPU.Build.0 = Release|Any CPU
		{D5327512-2467-4EE0-83F8-3630997703F2}.Debug|Any CPU.ActiveCfg = Debug|Any CPU
		{D5327512-2467-4EE0-83F8-3630997703F2}.Debug|Any CPU.Build.0 = Debug|Any CPU
		{D5327512-2467-4EE0-83F8-3630997703F2}.Release|Any CPU.ActiveCfg = Release|Any CPU
		{D5327512-2467-4EE0-83F8-3630997703F2}.Release|Any CPU.Build.0 = Release|Any CPU
		{DC7886A9-7639-4748-8FAE-D208672BAEB9}.Debug|Any CPU.ActiveCfg = Debug|Any CPU
		{DC7886A9-7639-4748-8FAE-D208672BAEB9}.Debug|Any CPU.Build.0 = Debug|Any CPU
		{DC7886A9-7639-4748-8FAE-D208672BAEB9}.Release|Any CPU.ActiveCfg = Release|Any CPU
		{DC7886A9-7639-4748-8FAE-D208672BAEB9}.Release|Any CPU.Build.0 = Release|Any CPU
	EndGlobalSection
	GlobalSection(SolutionProperties) = preSolution
		HideSolutionNode = FALSE
	EndGlobalSection
	GlobalSection(NestedProjects) = preSolution
		{C20FA602-71E5-4383-8F8F-B966873EFA69} = {E761C6B7-625B-47D8-811B-A67B3E7221D5}
		{EFF70E7E-C320-4F47-8A13-C1FE5C8F2982} = {E761C6B7-625B-47D8-811B-A67B3E7221D5}
		{BF3D9176-E2B0-4C87-9691-8288C257BFAF} = {E761C6B7-625B-47D8-811B-A67B3E7221D5}
		{592929ED-A4B6-4A0E-B30B-610D9110BF8E} = {BF3D9176-E2B0-4C87-9691-8288C257BFAF}
		{C82B3A79-82C7-409D-868E-0DF45C0DFB56} = {BF3D9176-E2B0-4C87-9691-8288C257BFAF}
		{AF8A1D0A-D20F-4853-89C0-C9C80F50C5ED} = {BF3D9176-E2B0-4C87-9691-8288C257BFAF}
		{D5327512-2467-4EE0-83F8-3630997703F2} = {BF3D9176-E2B0-4C87-9691-8288C257BFAF}
		{DC7886A9-7639-4748-8FAE-D208672BAEB9} = {E761C6B7-625B-47D8-811B-A67B3E7221D5}
	EndGlobalSection
	GlobalSection(ExtensibilityGlobals) = postSolution
		SolutionGuid = {98497725-4038-46B9-910E-2BADC6FDC7E4}
	EndGlobalSection
EndGlobal
