
Microsoft Visual Studio Solution File, Format Version 12.00
# Visual Studio Version 17
VisualStudioVersion = 17.7.34202.233
MinimumVisualStudioVersion = 10.0.40219.1
Project("{FAE04EC0-301F-11D3-BF4B-00C04F79EFBC}") = "gRPC-Web-Service", "gRPC-Web-Service.csproj", "{BFFD847B-3332-484F-8CED-CFBB9B43C8CB}"
EndProject
Global
	GlobalSection(SolutionConfigurationPlatforms) = preSolution
		Debug|Any CPU = Debug|Any CPU
		Release|Any CPU = Release|Any CPU
	EndGlobalSection
	GlobalSection(ProjectConfigurationPlatforms) = postSolution
		{BFFD847B-3332-484F-8CED-CFBB9B43C8CB}.Debug|Any CPU.ActiveCfg = Debug|Any CPU
		{BFFD847B-3332-484F-8CED-CFBB9B43C8CB}.Debug|Any CPU.Build.0 = Debug|Any CPU
		{BFFD847B-3332-484F-8CED-CFBB9B43C8CB}.Release|Any CPU.ActiveCfg = Release|Any CPU
		{BFFD847B-3332-484F-8CED-CFBB9B43C8CB}.Release|Any CPU.Build.0 = Release|Any CPU
	EndGlobalSection
	GlobalSection(SolutionProperties) = preSolution
		HideSolutionNode = FALSE
	EndGlobalSection
	GlobalSection(ExtensibilityGlobals) = postSolution
		SolutionGuid = {03F27F9B-7197-4748-A412-97ED37E8096B}
	EndGlobalSection
EndGlobal
