
Microsoft Visual Studio Solution File, Format Version 12.00
# Visual Studio Version 17
VisualStudioVersion = 17.0.32112.339
MinimumVisualStudioVersion = 10.0.40219.1
Project("{9A19103F-16F7-4668-BE54-9A1E7A4F7556}") = "MorganStanley.ComposeUI.Prototypes.MultiProcessDockingPrototype", "MorganStanley.ComposeUI.Prototypes.MultiProcessDockingPrototype.csproj", "{49279A6F-C9BC-4EFF-BBBB-72789599A46C}"
EndProject
Project("{2150E333-8FDC-42A3-9474-1A3956D46DE8}") = "src", "src", "{1ED5A035-825C-40C9-95F9-F0E275F3187A}"
EndProject
Project("{9A19103F-16F7-4668-BE54-9A1E7A4F7556}") = "MorganStanley.ComposeUI.Core.BasicModels", "..\..\..\src\Core\BasicModels\MorganStanley.ComposeUI.Core.BasicModels.csproj", "{40EC45C4-0325-4851-AB1C-64B27ED28BAD}"
EndProject
Project("{9A19103F-16F7-4668-BE54-9A1E7A4F7556}") = "MorganStanley.ComposeUI.Core.Utilities", "..\..\..\src\Core\Utilities\MorganStanley.ComposeUI.Core.Utilities.csproj", "{60A6B771-3B8B-4CF7-81F7-E8D1A20E22CC}"
EndProject
Project("{2150E333-8FDC-42A3-9474-1A3956D46DE8}") = "Tryouts", "Tryouts", "{2D94959E-539E-43A8-B50D-435D969059FF}"
EndProject
Project("{9A19103F-16F7-4668-BE54-9A1E7A4F7556}") = "MorganStanley.ComposeUI.Tryouts.Core.BasicModels", "..\..\Core\BasicModels\MorganStanley.ComposeUI.Tryouts.Core.BasicModels.csproj", "{D25CF673-216B-450C-840A-039ECF088CB7}"
EndProject
Project("{9A19103F-16F7-4668-BE54-9A1E7A4F7556}") = "MorganStanley.ComposeUI.Tryouts.Core.Utilities", "..\..\Core\Utilities\MorganStanley.ComposeUI.Tryouts.Core.Utilities.csproj", "{E2CC1CB0-7895-4A50-B62A-20F313A4C3B0}"
EndProject
Project("{9A19103F-16F7-4668-BE54-9A1E7A4F7556}") = "MorganStanley.ComposeUI.Tryouts.Visuals.Avalonia.VisualUtils", "..\..\Visuals\Avalonia\VisualUtils\MorganStanley.ComposeUI.Tryouts.Visuals.Avalonia.VisualUtils.csproj", "{AE26BC29-2929-4A96-9789-1039D7806D98}"
EndProject
Project("{2150E333-8FDC-42A3-9474-1A3956D46DE8}") = "Plugins", "Plugins", "{B530EC0C-92A5-445F-8938-DBCD083DCF19}"
EndProject
Project("{2150E333-8FDC-42A3-9474-1A3956D46DE8}") = "Plugins", "Plugins", "{713AD7B2-EB14-40B5-A49F-6447C3F5254A}"
EndProject
Project("{2150E333-8FDC-42A3-9474-1A3956D46DE8}") = "Services", "Services", "{D1DC0BB5-C429-4192-BF01-EF58D6B0F9AB}"
EndProject
Project("{2150E333-8FDC-42A3-9474-1A3956D46DE8}") = "ViewViewModelPlugins", "ViewViewModelPlugins", "{E83B541E-8621-47EA-8227-A36A196A66E0}"
EndProject
Project("{2150E333-8FDC-42A3-9474-1A3956D46DE8}") = "Core", "Core", "{31FA62FA-1FB2-4D41-9D2F-EC3115B0FA26}"
EndProject
Project("{2150E333-8FDC-42A3-9474-1A3956D46DE8}") = "Visuals", "Visuals", "{4106F8CD-DEE3-4A54-B24F-CE3A5DE07C30}"
EndProject
Project("{2150E333-8FDC-42A3-9474-1A3956D46DE8}") = "Avalonia", "Avalonia", "{06E36A2A-A512-4050-8C30-60963E3211EA}"
EndProject
Project("{9A19103F-16F7-4668-BE54-9A1E7A4F7556}") = "MorganStanley.ComposeUI.Visuals.Avalonia.VisualUtils", "..\..\..\src\Visuals\Avalonia\VisualUtils\MorganStanley.ComposeUI.Visuals.Avalonia.VisualUtils.csproj", "{A873817B-FAB8-44F5-8D9F-1E3F5631733C}"
EndProject
Project("{2150E333-8FDC-42A3-9474-1A3956D46DE8}") = "Core", "Core", "{E678CCB6-90FB-4C52-8AE0-911D313783F8}"
EndProject
Project("{2150E333-8FDC-42A3-9474-1A3956D46DE8}") = "Visuals", "Visuals", "{E80F2DDD-06E9-492E-A484-C71A9DE35F7F}"
EndProject
Project("{2150E333-8FDC-42A3-9474-1A3956D46DE8}") = "Avalonia", "Avalonia", "{3647CC8E-67A7-4464-880A-9620AEAD817E}"
EndProject
Project("{2150E333-8FDC-42A3-9474-1A3956D46DE8}") = "javascript-binding", "javascript-binding", "{16C7FA58-5E63-435C-A1DB-6685FBEB2095}"
EndProject
Project("{2150E333-8FDC-42A3-9474-1A3956D46DE8}") = "javascript-binding", "javascript-binding", "{519D1633-9591-4123-8D6B-CE142FDAA7DF}"
EndProject
Project("{9A19103F-16F7-4668-BE54-9A1E7A4F7556}") = "MorganStanley.ComposeUI.Core.Abstractions", "..\..\..\src\Core\Abstractions\MorganStanley.ComposeUI.Core.Abstractions.csproj", "{0F96C6B6-1D8B-4B93-92E4-DF52314CAEEA}"
EndProject
Project("{9A19103F-16F7-4668-BE54-9A1E7A4F7556}") = "MorganStanley.ComposeUI.Tryouts.Core.Abstractions", "..\..\Core\Abstractions\MorganStanley.ComposeUI.Tryouts.Core.Abstractions.csproj", "{2CD78E0B-F6E3-4A47-8D22-DDA7A33703AB}"
EndProject
Project("{2150E333-8FDC-42A3-9474-1A3956D46DE8}") = "ApplicationPlugins", "ApplicationPlugins", "{791349F6-58F6-4425-AAB1-DBD3C3B99D6B}"
EndProject
Project("{9A19103F-16F7-4668-BE54-9A1E7A4F7556}") = "SimpleWpfApp", "..\..\Plugins\ApplicationPlugins\SimpleWpfApp\SimpleWpfApp.csproj", "{F003C3BE-45DE-426C-86D2-1BDACDFAE277}"
EndProject
Project("{9A19103F-16F7-4668-BE54-9A1E7A4F7556}") = "AnotherWpfApp", "..\..\Plugins\ApplicationPlugins\AnotherWpfApp\AnotherWpfApp.csproj", "{B11D3CED-5B8A-49EE-ABA0-82114F84AA11}"
EndProject
Project("{9A19103F-16F7-4668-BE54-9A1E7A4F7556}") = "MorganStanley.ComposeUI.Services.CommunicationsServices.GrpcCommunicationsService", "..\..\Plugins\Services\CommunicationsServices\GrpcCommunicationsService\MorganStanley.ComposeUI.Services.CommunicationsServices.GrpcCommunicationsService.csproj", "{3AC6923A-1375-4EAB-AD19-4B3917FC9AA7}"
EndProject
Project("{9A19103F-16F7-4668-BE54-9A1E7A4F7556}") = "MorganStanley.ComposeUI.Plugins.Services.MessagingService", "..\..\Plugins\Services\MessagingService\MorganStanley.ComposeUI.Plugins.Services.MessagingService.csproj", "{73208774-08A2-4F82-B749-D5F6B1031B6F}"
EndProject
Project("{2150E333-8FDC-42A3-9474-1A3956D46DE8}") = "CommunicationsServices", "CommunicationsServices", "{4BD5C5D2-6DB3-41F7-A33F-2FE79B885DFB}"
EndProject
Global
	GlobalSection(SolutionConfigurationPlatforms) = preSolution
		Debug|Any CPU = Debug|Any CPU
		Release|Any CPU = Release|Any CPU
	EndGlobalSection
	GlobalSection(ProjectConfigurationPlatforms) = postSolution
		{49279A6F-C9BC-4EFF-BBBB-72789599A46C}.Debug|Any CPU.ActiveCfg = Debug|Any CPU
		{49279A6F-C9BC-4EFF-BBBB-72789599A46C}.Debug|Any CPU.Build.0 = Debug|Any CPU
		{49279A6F-C9BC-4EFF-BBBB-72789599A46C}.Release|Any CPU.ActiveCfg = Release|Any CPU
		{49279A6F-C9BC-4EFF-BBBB-72789599A46C}.Release|Any CPU.Build.0 = Release|Any CPU
		{40EC45C4-0325-4851-AB1C-64B27ED28BAD}.Debug|Any CPU.ActiveCfg = Debug|Any CPU
		{40EC45C4-0325-4851-AB1C-64B27ED28BAD}.Debug|Any CPU.Build.0 = Debug|Any CPU
		{40EC45C4-0325-4851-AB1C-64B27ED28BAD}.Release|Any CPU.ActiveCfg = Release|Any CPU
		{40EC45C4-0325-4851-AB1C-64B27ED28BAD}.Release|Any CPU.Build.0 = Release|Any CPU
		{60A6B771-3B8B-4CF7-81F7-E8D1A20E22CC}.Debug|Any CPU.ActiveCfg = Debug|Any CPU
		{60A6B771-3B8B-4CF7-81F7-E8D1A20E22CC}.Debug|Any CPU.Build.0 = Debug|Any CPU
		{60A6B771-3B8B-4CF7-81F7-E8D1A20E22CC}.Release|Any CPU.ActiveCfg = Release|Any CPU
		{60A6B771-3B8B-4CF7-81F7-E8D1A20E22CC}.Release|Any CPU.Build.0 = Release|Any CPU
		{D25CF673-216B-450C-840A-039ECF088CB7}.Debug|Any CPU.ActiveCfg = Debug|Any CPU
		{D25CF673-216B-450C-840A-039ECF088CB7}.Debug|Any CPU.Build.0 = Debug|Any CPU
		{D25CF673-216B-450C-840A-039ECF088CB7}.Release|Any CPU.ActiveCfg = Release|Any CPU
		{D25CF673-216B-450C-840A-039ECF088CB7}.Release|Any CPU.Build.0 = Release|Any CPU
		{E2CC1CB0-7895-4A50-B62A-20F313A4C3B0}.Debug|Any CPU.ActiveCfg = Debug|Any CPU
		{E2CC1CB0-7895-4A50-B62A-20F313A4C3B0}.Debug|Any CPU.Build.0 = Debug|Any CPU
		{E2CC1CB0-7895-4A50-B62A-20F313A4C3B0}.Release|Any CPU.ActiveCfg = Release|Any CPU
		{E2CC1CB0-7895-4A50-B62A-20F313A4C3B0}.Release|Any CPU.Build.0 = Release|Any CPU
		{AE26BC29-2929-4A96-9789-1039D7806D98}.Debug|Any CPU.ActiveCfg = Debug|Any CPU
		{AE26BC29-2929-4A96-9789-1039D7806D98}.Debug|Any CPU.Build.0 = Debug|Any CPU
		{AE26BC29-2929-4A96-9789-1039D7806D98}.Release|Any CPU.ActiveCfg = Release|Any CPU
		{AE26BC29-2929-4A96-9789-1039D7806D98}.Release|Any CPU.Build.0 = Release|Any CPU
		{A873817B-FAB8-44F5-8D9F-1E3F5631733C}.Debug|Any CPU.ActiveCfg = Debug|Any CPU
		{A873817B-FAB8-44F5-8D9F-1E3F5631733C}.Debug|Any CPU.Build.0 = Debug|Any CPU
		{A873817B-FAB8-44F5-8D9F-1E3F5631733C}.Release|Any CPU.ActiveCfg = Release|Any CPU
		{A873817B-FAB8-44F5-8D9F-1E3F5631733C}.Release|Any CPU.Build.0 = Release|Any CPU
		{0F96C6B6-1D8B-4B93-92E4-DF52314CAEEA}.Debug|Any CPU.ActiveCfg = Debug|Any CPU
		{0F96C6B6-1D8B-4B93-92E4-DF52314CAEEA}.Debug|Any CPU.Build.0 = Debug|Any CPU
		{0F96C6B6-1D8B-4B93-92E4-DF52314CAEEA}.Release|Any CPU.ActiveCfg = Release|Any CPU
		{0F96C6B6-1D8B-4B93-92E4-DF52314CAEEA}.Release|Any CPU.Build.0 = Release|Any CPU
		{2CD78E0B-F6E3-4A47-8D22-DDA7A33703AB}.Debug|Any CPU.ActiveCfg = Debug|Any CPU
		{2CD78E0B-F6E3-4A47-8D22-DDA7A33703AB}.Debug|Any CPU.Build.0 = Debug|Any CPU
		{2CD78E0B-F6E3-4A47-8D22-DDA7A33703AB}.Release|Any CPU.ActiveCfg = Release|Any CPU
		{2CD78E0B-F6E3-4A47-8D22-DDA7A33703AB}.Release|Any CPU.Build.0 = Release|Any CPU
		{F003C3BE-45DE-426C-86D2-1BDACDFAE277}.Debug|Any CPU.ActiveCfg = Debug|Any CPU
		{F003C3BE-45DE-426C-86D2-1BDACDFAE277}.Debug|Any CPU.Build.0 = Debug|Any CPU
		{F003C3BE-45DE-426C-86D2-1BDACDFAE277}.Release|Any CPU.ActiveCfg = Release|Any CPU
		{F003C3BE-45DE-426C-86D2-1BDACDFAE277}.Release|Any CPU.Build.0 = Release|Any CPU
		{B11D3CED-5B8A-49EE-ABA0-82114F84AA11}.Debug|Any CPU.ActiveCfg = Debug|Any CPU
		{B11D3CED-5B8A-49EE-ABA0-82114F84AA11}.Debug|Any CPU.Build.0 = Debug|Any CPU
		{B11D3CED-5B8A-49EE-ABA0-82114F84AA11}.Release|Any CPU.ActiveCfg = Release|Any CPU
		{B11D3CED-5B8A-49EE-ABA0-82114F84AA11}.Release|Any CPU.Build.0 = Release|Any CPU
		{3AC6923A-1375-4EAB-AD19-4B3917FC9AA7}.Debug|Any CPU.ActiveCfg = Debug|Any CPU
		{3AC6923A-1375-4EAB-AD19-4B3917FC9AA7}.Debug|Any CPU.Build.0 = Debug|Any CPU
		{3AC6923A-1375-4EAB-AD19-4B3917FC9AA7}.Release|Any CPU.ActiveCfg = Release|Any CPU
		{3AC6923A-1375-4EAB-AD19-4B3917FC9AA7}.Release|Any CPU.Build.0 = Release|Any CPU
		{73208774-08A2-4F82-B749-D5F6B1031B6F}.Debug|Any CPU.ActiveCfg = Debug|Any CPU
		{73208774-08A2-4F82-B749-D5F6B1031B6F}.Debug|Any CPU.Build.0 = Debug|Any CPU
		{73208774-08A2-4F82-B749-D5F6B1031B6F}.Release|Any CPU.ActiveCfg = Release|Any CPU
		{73208774-08A2-4F82-B749-D5F6B1031B6F}.Release|Any CPU.Build.0 = Release|Any CPU
	EndGlobalSection
	GlobalSection(SolutionProperties) = preSolution
		HideSolutionNode = FALSE
	EndGlobalSection
	GlobalSection(NestedProjects) = preSolution
		{40EC45C4-0325-4851-AB1C-64B27ED28BAD} = {31FA62FA-1FB2-4D41-9D2F-EC3115B0FA26}
		{60A6B771-3B8B-4CF7-81F7-E8D1A20E22CC} = {31FA62FA-1FB2-4D41-9D2F-EC3115B0FA26}
		{D25CF673-216B-450C-840A-039ECF088CB7} = {E678CCB6-90FB-4C52-8AE0-911D313783F8}
		{E2CC1CB0-7895-4A50-B62A-20F313A4C3B0} = {E678CCB6-90FB-4C52-8AE0-911D313783F8}
		{AE26BC29-2929-4A96-9789-1039D7806D98} = {3647CC8E-67A7-4464-880A-9620AEAD817E}
		{B530EC0C-92A5-445F-8938-DBCD083DCF19} = {2D94959E-539E-43A8-B50D-435D969059FF}
		{713AD7B2-EB14-40B5-A49F-6447C3F5254A} = {1ED5A035-825C-40C9-95F9-F0E275F3187A}
		{D1DC0BB5-C429-4192-BF01-EF58D6B0F9AB} = {B530EC0C-92A5-445F-8938-DBCD083DCF19}
		{E83B541E-8621-47EA-8227-A36A196A66E0} = {B530EC0C-92A5-445F-8938-DBCD083DCF19}
		{31FA62FA-1FB2-4D41-9D2F-EC3115B0FA26} = {1ED5A035-825C-40C9-95F9-F0E275F3187A}
		{4106F8CD-DEE3-4A54-B24F-CE3A5DE07C30} = {1ED5A035-825C-40C9-95F9-F0E275F3187A}
		{06E36A2A-A512-4050-8C30-60963E3211EA} = {4106F8CD-DEE3-4A54-B24F-CE3A5DE07C30}
		{A873817B-FAB8-44F5-8D9F-1E3F5631733C} = {06E36A2A-A512-4050-8C30-60963E3211EA}
		{E678CCB6-90FB-4C52-8AE0-911D313783F8} = {2D94959E-539E-43A8-B50D-435D969059FF}
		{E80F2DDD-06E9-492E-A484-C71A9DE35F7F} = {2D94959E-539E-43A8-B50D-435D969059FF}
		{3647CC8E-67A7-4464-880A-9620AEAD817E} = {E80F2DDD-06E9-492E-A484-C71A9DE35F7F}
		{16C7FA58-5E63-435C-A1DB-6685FBEB2095} = {1ED5A035-825C-40C9-95F9-F0E275F3187A}
		{519D1633-9591-4123-8D6B-CE142FDAA7DF} = {2D94959E-539E-43A8-B50D-435D969059FF}
		{0F96C6B6-1D8B-4B93-92E4-DF52314CAEEA} = {31FA62FA-1FB2-4D41-9D2F-EC3115B0FA26}
		{2CD78E0B-F6E3-4A47-8D22-DDA7A33703AB} = {E678CCB6-90FB-4C52-8AE0-911D313783F8}
		{791349F6-58F6-4425-AAB1-DBD3C3B99D6B} = {B530EC0C-92A5-445F-8938-DBCD083DCF19}
		{F003C3BE-45DE-426C-86D2-1BDACDFAE277} = {791349F6-58F6-4425-AAB1-DBD3C3B99D6B}
		{B11D3CED-5B8A-49EE-ABA0-82114F84AA11} = {791349F6-58F6-4425-AAB1-DBD3C3B99D6B}
		{3AC6923A-1375-4EAB-AD19-4B3917FC9AA7} = {4BD5C5D2-6DB3-41F7-A33F-2FE79B885DFB}
		{73208774-08A2-4F82-B749-D5F6B1031B6F} = {D1DC0BB5-C429-4192-BF01-EF58D6B0F9AB}
		{4BD5C5D2-6DB3-41F7-A33F-2FE79B885DFB} = {D1DC0BB5-C429-4192-BF01-EF58D6B0F9AB}
	EndGlobalSection
	GlobalSection(ExtensibilityGlobals) = postSolution
		SolutionGuid = {98497725-4038-46B9-910E-2BADC6FDC7E4}
	EndGlobalSection
EndGlobal
