
Microsoft Visual Studio Solution File, Format Version 12.00
# Visual Studio Version 17
VisualStudioVersion = 17.0.32014.148
MinimumVisualStudioVersion = 10.0.40219.1
Project("{2150E333-8FDC-42A3-9474-1A3956D46DE8}") = "examples", "examples", "{D12A440D-CF68-4A10-B673-4FCB41B4B0BC}"
EndProject
Project("{2150E333-8FDC-42A3-9474-1A3956D46DE8}") = "src", "src", "{3413C687-1DD1-4751-8C4F-0CD308248CB2}"
EndProject
Project("{2150E333-8FDC-42A3-9474-1A3956D46DE8}") = "test", "test", "{55657FBD-CD23-40A2-B8E9-2BBE734924CC}"
EndProject
Project("{2150E333-8FDC-42A3-9474-1A3956D46DE8}") = "TestApplications", "TestApplications", "{23E408F5-CA2E-4CBD-BAB1-48FFAC9F5357}"
EndProject
Project("{9A19103F-16F7-4668-BE54-9A1E7A4F7556}") = "MorganStanley.ComposeUI.ProcessExplorer.Abstractions", "src\MorganStanley.ComposeUI.ProcessExplorer.Abstractions\MorganStanley.ComposeUI.ProcessExplorer.Abstractions.csproj", "{F36180CC-BF4A-44B3-A4DD-079AD482E33B}"
EndProject
Project("{9A19103F-16F7-4668-BE54-9A1E7A4F7556}") = "MorganStanley.ComposeUI.ProcessExplorer.Core", "src\MorganStanley.ComposeUI.ProcessExplorer.Core\MorganStanley.ComposeUI.ProcessExplorer.Core.csproj", "{9FAFC2D7-4E4F-4922-9502-4BFBE6B73043}"
EndProject
Project("{9A19103F-16F7-4668-BE54-9A1E7A4F7556}") = "MorganStanley.ComposeUI.ProcessExplorer.Server", "src\MorganStanley.ComposeUI.ProcessExplorer.Server\MorganStanley.ComposeUI.ProcessExplorer.Server.csproj", "{9AE1EB50-8DA5-4F04-9E2D-AF99DE20E200}"
EndProject
Project("{9A19103F-16F7-4668-BE54-9A1E7A4F7556}") = "MorganStanley.ComposeUI.TestConsoleApp", "test\MorganStanley.ComposeUI.TestConsoleApp\MorganStanley.ComposeUI.TestConsoleApp.csproj", "{A411AE68-7F6E-421D-855A-8808B30726E5}"
EndProject
Project("{9A19103F-16F7-4668-BE54-9A1E7A4F7556}") = "MorganStanley.ComposeUI.TestConsoleApp2", "test\MorganStanley.ComposeUI.TestConsoleApp2\MorganStanley.ComposeUI.TestConsoleApp2.csproj", "{64B03A12-5928-4553-8F90-C2B0E66825AA}"
EndProject
Project("{9A19103F-16F7-4668-BE54-9A1E7A4F7556}") = "MorganStanley.ComposeUI.ProcessExplorer.Core.Tests", "test\MorganStanley.ComposeUI.ProcessExplorer.Core.Tests\MorganStanley.ComposeUI.ProcessExplorer.Core.Tests.csproj", "{C0FAC3CA-52C6-4D9F-B6F3-2E42759BFE70}"
EndProject
Project("{9A19103F-16F7-4668-BE54-9A1E7A4F7556}") = "MorganStanley.ComposeUI.ProcessExplorer.IntegrationTests", "test\MorganStanley.ComposeUI.ProcessExplorer.IntegrationTests\MorganStanley.ComposeUI.ProcessExplorer.IntegrationTests.csproj", "{2EB0F9CB-7025-4EB8-836B-D06D7503C03F}"
EndProject
Project("{9A19103F-16F7-4668-BE54-9A1E7A4F7556}") = "MorganStanley.ComposeUI.ProcessExplorer.Server.Tests", "test\MorganStanley.ComposeUI.ProcessExplorer.Server.Tests\MorganStanley.ComposeUI.ProcessExplorer.Server.Tests.csproj", "{E35F9566-81A8-43C9-A8A2-3BB16A88588C}"
EndProject
Project("{9A19103F-16F7-4668-BE54-9A1E7A4F7556}") = "MorganStanley.ComposeUI.ProcessExplorer.Client.Tests", "test\MorganStanley.ComposeUI.ProcessExplorer.Client.Tests\MorganStanley.ComposeUI.ProcessExplorer.Client.Tests.csproj", "{477AD85C-C651-4508-8E34-369533EF5850}"
EndProject
Project("{9A19103F-16F7-4668-BE54-9A1E7A4F7556}") = "MorganStanley.ComposeUI.ProcessExplorer.Client", "src\MorganStanley.ComposeUI.ProcessExplorer.Client\MorganStanley.ComposeUI.ProcessExplorer.Client.csproj", "{BA64F49D-C329-461B-AE50-D7228481B36F}"
EndProject
Global
	GlobalSection(SolutionConfigurationPlatforms) = preSolution
		Debug|Any CPU = Debug|Any CPU
		Release|Any CPU = Release|Any CPU
	EndGlobalSection
	GlobalSection(ProjectConfigurationPlatforms) = postSolution
		{F36180CC-BF4A-44B3-A4DD-079AD482E33B}.Debug|Any CPU.ActiveCfg = Debug|Any CPU
		{F36180CC-BF4A-44B3-A4DD-079AD482E33B}.Debug|Any CPU.Build.0 = Debug|Any CPU
		{F36180CC-BF4A-44B3-A4DD-079AD482E33B}.Release|Any CPU.ActiveCfg = Release|Any CPU
		{F36180CC-BF4A-44B3-A4DD-079AD482E33B}.Release|Any CPU.Build.0 = Release|Any CPU
		{9FAFC2D7-4E4F-4922-9502-4BFBE6B73043}.Debug|Any CPU.ActiveCfg = Debug|Any CPU
		{9FAFC2D7-4E4F-4922-9502-4BFBE6B73043}.Debug|Any CPU.Build.0 = Debug|Any CPU
		{9FAFC2D7-4E4F-4922-9502-4BFBE6B73043}.Release|Any CPU.ActiveCfg = Release|Any CPU
		{9FAFC2D7-4E4F-4922-9502-4BFBE6B73043}.Release|Any CPU.Build.0 = Release|Any CPU
		{9AE1EB50-8DA5-4F04-9E2D-AF99DE20E200}.Debug|Any CPU.ActiveCfg = Debug|Any CPU
		{9AE1EB50-8DA5-4F04-9E2D-AF99DE20E200}.Debug|Any CPU.Build.0 = Debug|Any CPU
		{9AE1EB50-8DA5-4F04-9E2D-AF99DE20E200}.Release|Any CPU.ActiveCfg = Release|Any CPU
		{9AE1EB50-8DA5-4F04-9E2D-AF99DE20E200}.Release|Any CPU.Build.0 = Release|Any CPU
		{A411AE68-7F6E-421D-855A-8808B30726E5}.Debug|Any CPU.ActiveCfg = Debug|Any CPU
		{A411AE68-7F6E-421D-855A-8808B30726E5}.Debug|Any CPU.Build.0 = Debug|Any CPU
		{A411AE68-7F6E-421D-855A-8808B30726E5}.Release|Any CPU.ActiveCfg = Release|Any CPU
		{A411AE68-7F6E-421D-855A-8808B30726E5}.Release|Any CPU.Build.0 = Release|Any CPU
		{64B03A12-5928-4553-8F90-C2B0E66825AA}.Debug|Any CPU.ActiveCfg = Debug|Any CPU
		{64B03A12-5928-4553-8F90-C2B0E66825AA}.Debug|Any CPU.Build.0 = Debug|Any CPU
		{64B03A12-5928-4553-8F90-C2B0E66825AA}.Release|Any CPU.ActiveCfg = Release|Any CPU
		{64B03A12-5928-4553-8F90-C2B0E66825AA}.Release|Any CPU.Build.0 = Release|Any CPU
		{C0FAC3CA-52C6-4D9F-B6F3-2E42759BFE70}.Debug|Any CPU.ActiveCfg = Debug|Any CPU
		{C0FAC3CA-52C6-4D9F-B6F3-2E42759BFE70}.Debug|Any CPU.Build.0 = Debug|Any CPU
		{C0FAC3CA-52C6-4D9F-B6F3-2E42759BFE70}.Release|Any CPU.ActiveCfg = Release|Any CPU
		{C0FAC3CA-52C6-4D9F-B6F3-2E42759BFE70}.Release|Any CPU.Build.0 = Release|Any CPU
		{2EB0F9CB-7025-4EB8-836B-D06D7503C03F}.Debug|Any CPU.ActiveCfg = Debug|Any CPU
		{2EB0F9CB-7025-4EB8-836B-D06D7503C03F}.Debug|Any CPU.Build.0 = Debug|Any CPU
		{2EB0F9CB-7025-4EB8-836B-D06D7503C03F}.Release|Any CPU.ActiveCfg = Release|Any CPU
		{2EB0F9CB-7025-4EB8-836B-D06D7503C03F}.Release|Any CPU.Build.0 = Release|Any CPU
		{E35F9566-81A8-43C9-A8A2-3BB16A88588C}.Debug|Any CPU.ActiveCfg = Debug|Any CPU
		{E35F9566-81A8-43C9-A8A2-3BB16A88588C}.Debug|Any CPU.Build.0 = Debug|Any CPU
		{E35F9566-81A8-43C9-A8A2-3BB16A88588C}.Release|Any CPU.ActiveCfg = Release|Any CPU
		{E35F9566-81A8-43C9-A8A2-3BB16A88588C}.Release|Any CPU.Build.0 = Release|Any CPU
		{477AD85C-C651-4508-8E34-369533EF5850}.Debug|Any CPU.ActiveCfg = Debug|Any CPU
		{477AD85C-C651-4508-8E34-369533EF5850}.Debug|Any CPU.Build.0 = Debug|Any CPU
		{477AD85C-C651-4508-8E34-369533EF5850}.Release|Any CPU.ActiveCfg = Release|Any CPU
		{477AD85C-C651-4508-8E34-369533EF5850}.Release|Any CPU.Build.0 = Release|Any CPU
		{BA64F49D-C329-461B-AE50-D7228481B36F}.Debug|Any CPU.ActiveCfg = Debug|Any CPU
		{BA64F49D-C329-461B-AE50-D7228481B36F}.Debug|Any CPU.Build.0 = Debug|Any CPU
		{BA64F49D-C329-461B-AE50-D7228481B36F}.Release|Any CPU.ActiveCfg = Release|Any CPU
		{BA64F49D-C329-461B-AE50-D7228481B36F}.Release|Any CPU.Build.0 = Release|Any CPU
	EndGlobalSection
	GlobalSection(SolutionProperties) = preSolution
		HideSolutionNode = FALSE
	EndGlobalSection
	GlobalSection(NestedProjects) = preSolution
		{23E408F5-CA2E-4CBD-BAB1-48FFAC9F5357} = {55657FBD-CD23-40A2-B8E9-2BBE734924CC}
		{F36180CC-BF4A-44B3-A4DD-079AD482E33B} = {3413C687-1DD1-4751-8C4F-0CD308248CB2}
		{9FAFC2D7-4E4F-4922-9502-4BFBE6B73043} = {3413C687-1DD1-4751-8C4F-0CD308248CB2}
		{9AE1EB50-8DA5-4F04-9E2D-AF99DE20E200} = {3413C687-1DD1-4751-8C4F-0CD308248CB2}
		{A411AE68-7F6E-421D-855A-8808B30726E5} = {23E408F5-CA2E-4CBD-BAB1-48FFAC9F5357}
		{64B03A12-5928-4553-8F90-C2B0E66825AA} = {23E408F5-CA2E-4CBD-BAB1-48FFAC9F5357}
		{C0FAC3CA-52C6-4D9F-B6F3-2E42759BFE70} = {55657FBD-CD23-40A2-B8E9-2BBE734924CC}
		{2EB0F9CB-7025-4EB8-836B-D06D7503C03F} = {55657FBD-CD23-40A2-B8E9-2BBE734924CC}
		{E35F9566-81A8-43C9-A8A2-3BB16A88588C} = {55657FBD-CD23-40A2-B8E9-2BBE734924CC}
		{477AD85C-C651-4508-8E34-369533EF5850} = {55657FBD-CD23-40A2-B8E9-2BBE734924CC}
		{BA64F49D-C329-461B-AE50-D7228481B36F} = {3413C687-1DD1-4751-8C4F-0CD308248CB2}
	EndGlobalSection
	GlobalSection(ExtensibilityGlobals) = postSolution
		SolutionGuid = {819F883C-DDD0-4F2B-82C5-820D4D6AB446}
	EndGlobalSection
EndGlobal
