
Microsoft Visual Studio Solution File, Format Version 12.00
# Visual Studio Version 17
VisualStudioVersion = 17.10.35431.56
MinimumVisualStudioVersion = 10.0.40219.1
Project("{9A19103F-16F7-4668-BE54-9A1E7A4F7556}") = "MorganStanley.ComposeUI.MessagingAdapter.Abstractions", "src\MorganStanley.ComposeUI.MessagingAdapter.Abstractions\MorganStanley.ComposeUI.MessagingAdapter.Abstractions.csproj", "{DD82024B-DADA-4C7F-BF12-ADEE9DD21036}"
EndProject
Project("{9A19103F-16F7-4668-BE54-9A1E7A4F7556}") = "MorganStanley.ComposeUI.MessagingAdapter.MessageRouter", "src\MorganStanley.ComposeUI.MessagingAdapter.MessageRouter\MorganStanley.ComposeUI.MessagingAdapter.MessageRouter.csproj", "{B0714998-9EA4-41FE-9E50-E0AF0844914C}"
EndProject
Project("{2150E333-8FDC-42A3-9474-1A3956D46DE8}") = "_", "_", "{D9F24799-A15A-4473-A06D-002CEE650B03}"
	ProjectSection(SolutionItems) = preProject
		..\..\..\.editorconfig = ..\..\..\.editorconfig
		..\..\..\Directory.Build.props = ..\..\..\Directory.Build.props
		..\..\..\Directory.Packages.props = ..\..\..\Directory.Packages.props
	EndProjectSection
EndProject
Project("{2150E333-8FDC-42A3-9474-1A3956D46DE8}") = "architecture", "architecture", "{D235BF5E-A236-415F-B2B0-DC164822DF6A}"
	ProjectSection(SolutionItems) = preProject
		..\..\..\site\content\architecture\adr-001-use-adrs.mdx = ..\..\..\site\content\architecture\adr-001-use-adrs.mdx
		..\..\..\site\content\architecture\adr-002-configuration.mdx = ..\..\..\site\content\architecture\adr-002-configuration.mdx
		..\..\..\site\content\architecture\adr-003-solution-and-project-structure.mdx = ..\..\..\site\content\architecture\adr-003-solution-and-project-structure.mdx
		..\..\..\site\content\architecture\adr-004-module-loading.mdx = ..\..\..\site\content\architecture\adr-004-module-loading.mdx
		..\..\..\site\content\architecture\adr-005-messaging.mdx = ..\..\..\site\content\architecture\adr-005-messaging.mdx
		..\..\..\site\content\architecture\adr-006-observability.mdx = ..\..\..\site\content\architecture\adr-006-observability.mdx
		..\..\..\site\content\architecture\adr-007-use-c4.mdx = ..\..\..\site\content\architecture\adr-007-use-c4.mdx
		..\..\..\site\content\architecture\adr-008-module-security.mdx = ..\..\..\site\content\architecture\adr-008-module-security.mdx
		..\..\..\site\content\architecture\adr-009-message-router.mdx = ..\..\..\site\content\architecture\adr-009-message-router.mdx
		..\..\..\site\content\architecture\adr-010-built-in-apis.mdx = ..\..\..\site\content\architecture\adr-010-built-in-apis.mdx
		..\..\..\site\content\architecture\adr-011-process-ownership.mdx = ..\..\..\site\content\architecture\adr-011-process-ownership.mdx
		..\..\..\site\content\architecture\adr-012-message-router.mdx = ..\..\..\site\content\architecture\adr-012-message-router.mdx
		..\..\..\site\content\architecture\adr-013-script-preloading-security.mdx = ..\..\..\site\content\architecture\adr-013-script-preloading-security.mdx
		..\..\..\site\content\architecture\adr-014-module-catalog.mdx = ..\..\..\site\content\architecture\adr-014-module-catalog.mdx
		..\..\..\site\content\architecture\adr-015-module-loader-events.mdx = ..\..\..\site\content\architecture\adr-015-module-loader-events.mdx
		..\..\..\site\content\architecture\adr-016-shell-api.mdx = ..\..\..\site\content\architecture\adr-016-shell-api.mdx
		..\..\..\site\content\architecture\index.mdx = ..\..\..\site\content\architecture\index.mdx
	EndProjectSection
EndProject
Project("{2150E333-8FDC-42A3-9474-1A3956D46DE8}") = "libs", "libs", "{A2340760-BF54-4839-99F5-CAF11FA7186D}"
EndProject
Project("{9A19103F-16F7-4668-BE54-9A1E7A4F7556}") = "MorganStanley.ComposeUI.Messaging.Core", "..\..\messaging\dotnet\src\Core\MorganStanley.ComposeUI.Messaging.Core.csproj", "{281C7E1C-25C0-4BA7-AA77-8CEFF8DB502C}"
EndProject
Project("{9A19103F-16F7-4668-BE54-9A1E7A4F7556}") = "MorganStanley.ComposeUI.Messaging.Abstractions", "..\..\messaging\dotnet\src\Abstractions\MorganStanley.ComposeUI.Messaging.Abstractions.csproj", "{B2E59FE2-BCF4-47D9-BAC3-4A6AA8F88429}"
EndProject
Project("{2150E333-8FDC-42A3-9474-1A3956D46DE8}") = "test", "test", "{87F17506-7F9A-453E-A9FC-DFD88F48805A}"
EndProject
Project("{9A19103F-16F7-4668-BE54-9A1E7A4F7556}") = "MorganStanley.ComposeUI.Messaging.Core.Tests", "..\..\messaging\dotnet\test\Core.Tests\MorganStanley.ComposeUI.Messaging.Core.Tests.csproj", "{6D31E0E6-5E46-42FA-A525-610ED33B6C59}"
EndProject
Global
	GlobalSection(SolutionConfigurationPlatforms) = preSolution
		Debug|Any CPU = Debug|Any CPU
		Release|Any CPU = Release|Any CPU
	EndGlobalSection
	GlobalSection(ProjectConfigurationPlatforms) = postSolution
		{DD82024B-DADA-4C7F-BF12-ADEE9DD21036}.Debug|Any CPU.ActiveCfg = Debug|Any CPU
		{DD82024B-DADA-4C7F-BF12-ADEE9DD21036}.Debug|Any CPU.Build.0 = Debug|Any CPU
		{DD82024B-DADA-4C7F-BF12-ADEE9DD21036}.Release|Any CPU.ActiveCfg = Release|Any CPU
		{DD82024B-DADA-4C7F-BF12-ADEE9DD21036}.Release|Any CPU.Build.0 = Release|Any CPU
		{B0714998-9EA4-41FE-9E50-E0AF0844914C}.Debug|Any CPU.ActiveCfg = Debug|Any CPU
		{B0714998-9EA4-41FE-9E50-E0AF0844914C}.Debug|Any CPU.Build.0 = Debug|Any CPU
		{B0714998-9EA4-41FE-9E50-E0AF0844914C}.Release|Any CPU.ActiveCfg = Release|Any CPU
		{B0714998-9EA4-41FE-9E50-E0AF0844914C}.Release|Any CPU.Build.0 = Release|Any CPU
		{281C7E1C-25C0-4BA7-AA77-8CEFF8DB502C}.Debug|Any CPU.ActiveCfg = Debug|Any CPU
		{281C7E1C-25C0-4BA7-AA77-8CEFF8DB502C}.Debug|Any CPU.Build.0 = Debug|Any CPU
		{281C7E1C-25C0-4BA7-AA77-8CEFF8DB502C}.Release|Any CPU.ActiveCfg = Release|Any CPU
		{281C7E1C-25C0-4BA7-AA77-8CEFF8DB502C}.Release|Any CPU.Build.0 = Release|Any CPU
		{B2E59FE2-BCF4-47D9-BAC3-4A6AA8F88429}.Debug|Any CPU.ActiveCfg = Debug|Any CPU
		{B2E59FE2-BCF4-47D9-BAC3-4A6AA8F88429}.Debug|Any CPU.Build.0 = Debug|Any CPU
		{B2E59FE2-BCF4-47D9-BAC3-4A6AA8F88429}.Release|Any CPU.ActiveCfg = Release|Any CPU
		{B2E59FE2-BCF4-47D9-BAC3-4A6AA8F88429}.Release|Any CPU.Build.0 = Release|Any CPU
		{6D31E0E6-5E46-42FA-A525-610ED33B6C59}.Debug|Any CPU.ActiveCfg = Debug|Any CPU
		{6D31E0E6-5E46-42FA-A525-610ED33B6C59}.Debug|Any CPU.Build.0 = Debug|Any CPU
		{6D31E0E6-5E46-42FA-A525-610ED33B6C59}.Release|Any CPU.ActiveCfg = Release|Any CPU
		{6D31E0E6-5E46-42FA-A525-610ED33B6C59}.Release|Any CPU.Build.0 = Release|Any CPU
	EndGlobalSection
	GlobalSection(SolutionProperties) = preSolution
		HideSolutionNode = FALSE
	EndGlobalSection
	GlobalSection(NestedProjects) = preSolution
		{281C7E1C-25C0-4BA7-AA77-8CEFF8DB502C} = {A2340760-BF54-4839-99F5-CAF11FA7186D}
		{B2E59FE2-BCF4-47D9-BAC3-4A6AA8F88429} = {A2340760-BF54-4839-99F5-CAF11FA7186D}
		{6D31E0E6-5E46-42FA-A525-610ED33B6C59} = {87F17506-7F9A-453E-A9FC-DFD88F48805A}
	EndGlobalSection
	GlobalSection(ExtensibilityGlobals) = postSolution
		SolutionGuid = {4F9EECBE-4771-4F2A-94FC-DA17954DAA74}
	EndGlobalSection
EndGlobal
