
Microsoft Visual Studio Solution File, Format Version 12.00
# Visual Studio Version 17
VisualStudioVersion = 17.2.32616.157
MinimumVisualStudioVersion = 10.0.40219.1
Project("{9A19103F-16F7-4668-BE54-9A1E7A4F7556}") = "ComposeUI.Messaging.Server", "..\..\Core\Services\Messaging\ComposeUI.Messaging.Server\ComposeUI.Messaging.Server.csproj", "{62EEC21F-1DB9-426C-8D08-2ECF6D303F56}"
EndProject
Project("{9A19103F-16F7-4668-BE54-9A1E7A4F7556}") = "ComposeUI.Messaging.Server.Tests", "..\..\Core\Services\Messaging\ComposeUI.Messaging.server.Tests\ComposeUI.Messaging.Server.Tests.csproj", "{00D054F4-D600-4909-8D18-DD581A416C05}"
EndProject
Project("{9A19103F-16F7-4668-BE54-9A1E7A4F7556}") = "ComposeUI.Messaging.Core", "..\..\Core\Services\Messaging\ComposeUI.Messaging.Core\ComposeUI.Messaging.Core.csproj", "{EA24BA3D-255A-46CF-98D4-E08E63ECE26E}"
EndProject
Project("{9A19103F-16F7-4668-BE54-9A1E7A4F7556}") = "ComposeUI.Messaging.Client", "..\..\Core\Services\Messaging\ComposeUI.Messaging.Client\ComposeUI.Messaging.Client.csproj", "{7E420786-BF7E-45BE-954F-8DE8382983C7}"
EndProject
Project("{9A19103F-16F7-4668-BE54-9A1E7A4F7556}") = "ComposeUI.Messaging.IntegrationTests", "..\..\Core\Services\Messaging\ComposeUI.Messaging.IntegrationTests\ComposeUI.Messaging.IntegrationTests.csproj", "{DA2930E7-B927-4360-9FA0-3D9DB6BE9856}"
EndProject
Project("{2150E333-8FDC-42A3-9474-1A3956D46DE8}") = "test", "test", "{0CEA7D2A-7842-465C-83B8-662761167852}"
EndProject
Project("{2150E333-8FDC-42A3-9474-1A3956D46DE8}") = "src", "src", "{F118AD37-3D46-4D0C-A94D-03E269084D3E}"
EndProject
Project("{9A19103F-16F7-4668-BE54-9A1E7A4F7556}") = "MorganStanley.ComposeUI.Interfaces", "MorganStanley.ComposeUI.Interfaces\MorganStanley.ComposeUI.Interfaces.csproj", "{7EB2B9D1-4CBB-46B3-9162-F0B5BE52AD3B}"
EndProject
Project("{9A19103F-16F7-4668-BE54-9A1E7A4F7556}") = "MorganStanley.ComposeUI.Host", "MorganStanley.ComposeUI.Host\MorganStanley.ComposeUI.Host.csproj", "{56F651D8-C4A1-4313-BA4D-82B9E5054C48}"
EndProject
Project("{2150E333-8FDC-42A3-9474-1A3956D46DE8}") = "examples", "examples", "{44CF33EB-C2D0-4A47-A044-DA16007A3260}"
EndProject
Project("{9A19103F-16F7-4668-BE54-9A1E7A4F7556}") = "ComposeUI.Example.WPFDataGrid", "..\..\Plugins\ApplicationPlugins\ComposeUI.Example.WPFDataGrid\ComposeUI.Example.WPFDataGrid.csproj", "{B68CDFC9-12C3-40D6-B21F-DFCFB8697925}"
EndProject
Project("{9A19103F-16F7-4668-BE54-9A1E7A4F7556}") = "ComposeUI.Example.WPFDataGrid.TestApp", "..\..\Plugins\ApplicationPlugins\ComposeUI.Example.WPFDataGrid.TestApp\ComposeUI.Example.WPFDataGrid.TestApp.csproj", "{E3DAE0B2-6A06-4104-A6CE-51F361AA4B43}"
EndProject
Project("{9A19103F-16F7-4668-BE54-9A1E7A4F7556}") = "ComposeUI.Example.DataService", "..\..\Plugins\ApplicationPlugins\ComposeUI.Example.DataService\ComposeUI.Example.DataService.csproj", "{D3011F9E-06B2-42F0-AE0C-4DFB3A20C8A8}"
EndProject
Global
	GlobalSection(SolutionConfigurationPlatforms) = preSolution
		Debug|Any CPU = Debug|Any CPU
		Release|Any CPU = Release|Any CPU
	EndGlobalSection
	GlobalSection(ProjectConfigurationPlatforms) = postSolution
		{62EEC21F-1DB9-426C-8D08-2ECF6D303F56}.Debug|Any CPU.ActiveCfg = Debug|Any CPU
		{62EEC21F-1DB9-426C-8D08-2ECF6D303F56}.Debug|Any CPU.Build.0 = Debug|Any CPU
		{62EEC21F-1DB9-426C-8D08-2ECF6D303F56}.Release|Any CPU.ActiveCfg = Release|Any CPU
		{62EEC21F-1DB9-426C-8D08-2ECF6D303F56}.Release|Any CPU.Build.0 = Release|Any CPU
		{00D054F4-D600-4909-8D18-DD581A416C05}.Debug|Any CPU.ActiveCfg = Debug|Any CPU
		{00D054F4-D600-4909-8D18-DD581A416C05}.Debug|Any CPU.Build.0 = Debug|Any CPU
		{00D054F4-D600-4909-8D18-DD581A416C05}.Release|Any CPU.ActiveCfg = Release|Any CPU
		{00D054F4-D600-4909-8D18-DD581A416C05}.Release|Any CPU.Build.0 = Release|Any CPU
		{EA24BA3D-255A-46CF-98D4-E08E63ECE26E}.Debug|Any CPU.ActiveCfg = Debug|Any CPU
		{EA24BA3D-255A-46CF-98D4-E08E63ECE26E}.Debug|Any CPU.Build.0 = Debug|Any CPU
		{EA24BA3D-255A-46CF-98D4-E08E63ECE26E}.Release|Any CPU.ActiveCfg = Release|Any CPU
		{EA24BA3D-255A-46CF-98D4-E08E63ECE26E}.Release|Any CPU.Build.0 = Release|Any CPU
		{7E420786-BF7E-45BE-954F-8DE8382983C7}.Debug|Any CPU.ActiveCfg = Debug|Any CPU
		{7E420786-BF7E-45BE-954F-8DE8382983C7}.Debug|Any CPU.Build.0 = Debug|Any CPU
		{7E420786-BF7E-45BE-954F-8DE8382983C7}.Release|Any CPU.ActiveCfg = Release|Any CPU
		{7E420786-BF7E-45BE-954F-8DE8382983C7}.Release|Any CPU.Build.0 = Release|Any CPU
		{DA2930E7-B927-4360-9FA0-3D9DB6BE9856}.Debug|Any CPU.ActiveCfg = Debug|Any CPU
		{DA2930E7-B927-4360-9FA0-3D9DB6BE9856}.Debug|Any CPU.Build.0 = Debug|Any CPU
		{DA2930E7-B927-4360-9FA0-3D9DB6BE9856}.Release|Any CPU.ActiveCfg = Release|Any CPU
		{DA2930E7-B927-4360-9FA0-3D9DB6BE9856}.Release|Any CPU.Build.0 = Release|Any CPU
		{7EB2B9D1-4CBB-46B3-9162-F0B5BE52AD3B}.Debug|Any CPU.ActiveCfg = Debug|Any CPU
		{7EB2B9D1-4CBB-46B3-9162-F0B5BE52AD3B}.Debug|Any CPU.Build.0 = Debug|Any CPU
		{7EB2B9D1-4CBB-46B3-9162-F0B5BE52AD3B}.Release|Any CPU.ActiveCfg = Release|Any CPU
		{7EB2B9D1-4CBB-46B3-9162-F0B5BE52AD3B}.Release|Any CPU.Build.0 = Release|Any CPU
		{56F651D8-C4A1-4313-BA4D-82B9E5054C48}.Debug|Any CPU.ActiveCfg = Debug|Any CPU
		{56F651D8-C4A1-4313-BA4D-82B9E5054C48}.Debug|Any CPU.Build.0 = Debug|Any CPU
		{56F651D8-C4A1-4313-BA4D-82B9E5054C48}.Release|Any CPU.ActiveCfg = Release|Any CPU
		{56F651D8-C4A1-4313-BA4D-82B9E5054C48}.Release|Any CPU.Build.0 = Release|Any CPU
		{B68CDFC9-12C3-40D6-B21F-DFCFB8697925}.Debug|Any CPU.ActiveCfg = Debug|Any CPU
		{B68CDFC9-12C3-40D6-B21F-DFCFB8697925}.Debug|Any CPU.Build.0 = Debug|Any CPU
		{B68CDFC9-12C3-40D6-B21F-DFCFB8697925}.Release|Any CPU.ActiveCfg = Release|Any CPU
		{B68CDFC9-12C3-40D6-B21F-DFCFB8697925}.Release|Any CPU.Build.0 = Release|Any CPU
		{E3DAE0B2-6A06-4104-A6CE-51F361AA4B43}.Debug|Any CPU.ActiveCfg = Debug|Any CPU
		{E3DAE0B2-6A06-4104-A6CE-51F361AA4B43}.Debug|Any CPU.Build.0 = Debug|Any CPU
		{E3DAE0B2-6A06-4104-A6CE-51F361AA4B43}.Release|Any CPU.ActiveCfg = Release|Any CPU
		{E3DAE0B2-6A06-4104-A6CE-51F361AA4B43}.Release|Any CPU.Build.0 = Release|Any CPU
		{D3011F9E-06B2-42F0-AE0C-4DFB3A20C8A8}.Debug|Any CPU.ActiveCfg = Debug|Any CPU
		{D3011F9E-06B2-42F0-AE0C-4DFB3A20C8A8}.Debug|Any CPU.Build.0 = Debug|Any CPU
		{D3011F9E-06B2-42F0-AE0C-4DFB3A20C8A8}.Release|Any CPU.ActiveCfg = Release|Any CPU
		{D3011F9E-06B2-42F0-AE0C-4DFB3A20C8A8}.Release|Any CPU.Build.0 = Release|Any CPU
	EndGlobalSection
	GlobalSection(SolutionProperties) = preSolution
		HideSolutionNode = FALSE
	EndGlobalSection
	GlobalSection(NestedProjects) = preSolution
		{62EEC21F-1DB9-426C-8D08-2ECF6D303F56} = {F118AD37-3D46-4D0C-A94D-03E269084D3E}
		{00D054F4-D600-4909-8D18-DD581A416C05} = {0CEA7D2A-7842-465C-83B8-662761167852}
		{EA24BA3D-255A-46CF-98D4-E08E63ECE26E} = {F118AD37-3D46-4D0C-A94D-03E269084D3E}
		{7E420786-BF7E-45BE-954F-8DE8382983C7} = {F118AD37-3D46-4D0C-A94D-03E269084D3E}
		{DA2930E7-B927-4360-9FA0-3D9DB6BE9856} = {0CEA7D2A-7842-465C-83B8-662761167852}
		{7EB2B9D1-4CBB-46B3-9162-F0B5BE52AD3B} = {F118AD37-3D46-4D0C-A94D-03E269084D3E}
		{56F651D8-C4A1-4313-BA4D-82B9E5054C48} = {F118AD37-3D46-4D0C-A94D-03E269084D3E}
		{B68CDFC9-12C3-40D6-B21F-DFCFB8697925} = {44CF33EB-C2D0-4A47-A044-DA16007A3260}
		{E3DAE0B2-6A06-4104-A6CE-51F361AA4B43} = {44CF33EB-C2D0-4A47-A044-DA16007A3260}
		{D3011F9E-06B2-42F0-AE0C-4DFB3A20C8A8} = {44CF33EB-C2D0-4A47-A044-DA16007A3260}
	EndGlobalSection
	GlobalSection(ExtensibilityGlobals) = postSolution
		SolutionGuid = {08EDF812-166D-441E-9676-62548452714F}
	EndGlobalSection
EndGlobal
