
Microsoft Visual Studio Solution File, Format Version 12.00
# Visual Studio Version 17
VisualStudioVersion = 17.0.32014.148
MinimumVisualStudioVersion = 10.0.40219.1
Project("{FAE04EC0-301F-11D3-BF4B-00C04F79EFBC}") = "LocalCollector", "LocalCollector\LocalCollector.csproj", "{34C7F0B5-1FB0-40D3-83A1-632DBAF86D17}"
EndProject
Global
	GlobalSection(SolutionConfigurationPlatforms) = preSolution
		Debug|Any CPU = Debug|Any CPU
		Release|Any CPU = Release|Any CPU
	EndGlobalSection
	GlobalSection(ProjectConfigurationPlatforms) = postSolution
		{34C7F0B5-1FB0-40D3-83A1-632DBAF86D17}.Debug|Any CPU.ActiveCfg = Debug|Any CPU
		{34C7F0B5-1FB0-40D3-83A1-632DBAF86D17}.Debug|Any CPU.Build.0 = Debug|Any CPU
		{34C7F0B5-1FB0-40D3-83A1-632DBAF86D17}.Release|Any CPU.ActiveCfg = Release|Any CPU
		{34C7F0B5-1FB0-40D3-83A1-632DBAF86D17}.Release|Any CPU.Build.0 = Release|Any CPU
	EndGlobalSection
	GlobalSection(SolutionProperties) = preSolution
		HideSolutionNode = FALSE
	EndGlobalSection
	GlobalSection(ExtensibilityGlobals) = postSolution
		SolutionGuid = {08EDF812-166D-441E-9676-62548452714F}
	EndGlobalSection
EndGlobal
