
Microsoft Visual Studio Solution File, Format Version 12.00
# Visual Studio Version 17
VisualStudioVersion = 17.2.32616.157
MinimumVisualStudioVersion = 10.0.40219.1
Project("{9A19103F-16F7-4668-BE54-9A1E7A4F7556}") = "ComposeUI.Messaging.Server", "ComposeUI.Messaging.Server\ComposeUI.Messaging.Server.csproj", "{62EEC21F-1DB9-426C-8D08-2ECF6D303F56}"
EndProject
Project("{9A19103F-16F7-4668-BE54-9A1E7A4F7556}") = "ComposeUI.Messaging.Server.Tests", "ComposeUI.Messaging.server.Tests\ComposeUI.Messaging.Server.Tests.csproj", "{00D054F4-D600-4909-8D18-DD581A416C05}"
EndProject
Project("{9A19103F-16F7-4668-BE54-9A1E7A4F7556}") = "ComposeUI.Messaging.Core", "ComposeUI.Messaging.Core\ComposeUI.Messaging.Core.csproj", "{EA24BA3D-255A-46CF-98D4-E08E63ECE26E}"
EndProject
Project("{9A19103F-16F7-4668-BE54-9A1E7A4F7556}") = "ComposeUI.Messaging.Client", "ComposeUI.Messaging.Client\ComposeUI.Messaging.Client.csproj", "{7E420786-BF7E-45BE-954F-8DE8382983C7}"
EndProject
Project("{9A19103F-16F7-4668-BE54-9A1E7A4F7556}") = "ComposeUI.Example.WPFDataGrid", "ComposeUI.Example.WPFDataGrid\ComposeUI.Example.WPFDataGrid.csproj", "{78766B26-FDEE-44CD-8319-E1EC0994EF4D}"
EndProject
Global
	GlobalSection(SolutionConfigurationPlatforms) = preSolution
		Debug|Any CPU = Debug|Any CPU
		Release|Any CPU = Release|Any CPU
	EndGlobalSection
	GlobalSection(ProjectConfigurationPlatforms) = postSolution
		{62EEC21F-1DB9-426C-8D08-2ECF6D303F56}.Debug|Any CPU.ActiveCfg = Debug|Any CPU
		{62EEC21F-1DB9-426C-8D08-2ECF6D303F56}.Debug|Any CPU.Build.0 = Debug|Any CPU
		{62EEC21F-1DB9-426C-8D08-2ECF6D303F56}.Release|Any CPU.ActiveCfg = Release|Any CPU
		{62EEC21F-1DB9-426C-8D08-2ECF6D303F56}.Release|Any CPU.Build.0 = Release|Any CPU
		{00D054F4-D600-4909-8D18-DD581A416C05}.Debug|Any CPU.ActiveCfg = Debug|Any CPU
		{00D054F4-D600-4909-8D18-DD581A416C05}.Debug|Any CPU.Build.0 = Debug|Any CPU
		{00D054F4-D600-4909-8D18-DD581A416C05}.Release|Any CPU.ActiveCfg = Release|Any CPU
		{00D054F4-D600-4909-8D18-DD581A416C05}.Release|Any CPU.Build.0 = Release|Any CPU
		{EA24BA3D-255A-46CF-98D4-E08E63ECE26E}.Debug|Any CPU.ActiveCfg = Debug|Any CPU
		{EA24BA3D-255A-46CF-98D4-E08E63ECE26E}.Debug|Any CPU.Build.0 = Debug|Any CPU
		{EA24BA3D-255A-46CF-98D4-E08E63ECE26E}.Release|Any CPU.ActiveCfg = Release|Any CPU
		{EA24BA3D-255A-46CF-98D4-E08E63ECE26E}.Release|Any CPU.Build.0 = Release|Any CPU
		{7E420786-BF7E-45BE-954F-8DE8382983C7}.Debug|Any CPU.ActiveCfg = Debug|Any CPU
		{7E420786-BF7E-45BE-954F-8DE8382983C7}.Debug|Any CPU.Build.0 = Debug|Any CPU
		{7E420786-BF7E-45BE-954F-8DE8382983C7}.Release|Any CPU.ActiveCfg = Release|Any CPU
		{7E420786-BF7E-45BE-954F-8DE8382983C7}.Release|Any CPU.Build.0 = Release|Any CPU
		{78766B26-FDEE-44CD-8319-E1EC0994EF4D}.Debug|Any CPU.ActiveCfg = Debug|Any CPU
		{78766B26-FDEE-44CD-8319-E1EC0994EF4D}.Debug|Any CPU.Build.0 = Debug|Any CPU
		{78766B26-FDEE-44CD-8319-E1EC0994EF4D}.Release|Any CPU.ActiveCfg = Release|Any CPU
		{78766B26-FDEE-44CD-8319-E1EC0994EF4D}.Release|Any CPU.Build.0 = Release|Any CPU
	EndGlobalSection
	GlobalSection(SolutionProperties) = preSolution
		HideSolutionNode = FALSE
	EndGlobalSection
	GlobalSection(ExtensibilityGlobals) = postSolution
		SolutionGuid = {08EDF812-166D-441E-9676-62548452714F}
	EndGlobalSection
EndGlobal
