
Microsoft Visual Studio Solution File, Format Version 12.00
# Visual Studio Version 17
VisualStudioVersion = 17.0.32112.339
MinimumVisualStudioVersion = 10.0.40219.1
Project("{9A19103F-16F7-4668-BE54-9A1E7A4F7556}") = "MorganStanley.ComposeUI.Prototypes.TimeViewPrototype", "MorganStanley.ComposeUI.Prototypes.TimeViewPrototype.csproj", "{49279A6F-C9BC-4EFF-BBBB-72789599A46C}"
EndProject
Project("{2150E333-8FDC-42A3-9474-1A3956D46DE8}") = "Common", "Common", "{1ED5A035-825C-40C9-95F9-F0E275F3187A}"
EndProject
Project("{9A19103F-16F7-4668-BE54-9A1E7A4F7556}") = "MorganStanley.ComposeUI.Common.BasicModels", "..\..\src\Common\Core\MorganStanley.ComposeUI.Common.BasicModels\MorganStanley.ComposeUI.Common.BasicModels.csproj", "{40EC45C4-0325-4851-AB1C-64B27ED28BAD}"
EndProject
Project("{9A19103F-16F7-4668-BE54-9A1E7A4F7556}") = "MorganStanley.ComposeUI.Common.Interfaces", "..\..\src\Common\Core\MorganStanley.ComposeUI.Common.Interfaces\MorganStanley.ComposeUI.Common.Interfaces.csproj", "{D5EBE540-94D0-4E33-A467-C3BDAD5DCB14}"
EndProject
Project("{9A19103F-16F7-4668-BE54-9A1E7A4F7556}") = "MorganStanley.ComposeUI.Common.Utilities", "..\..\src\Common\Core\MorganStanley.ComposeUI.Common.Utilities\MorganStanley.ComposeUI.Common.Utilities.csproj", "{60A6B771-3B8B-4CF7-81F7-E8D1A20E22CC}"
EndProject
Project("{2150E333-8FDC-42A3-9474-1A3956D46DE8}") = "Tryouts", "Tryouts", "{2D94959E-539E-43A8-B50D-435D969059FF}"
EndProject
Project("{9A19103F-16F7-4668-BE54-9A1E7A4F7556}") = "MorganStanley.ComposeUI.Tryouts.BasicModels", "..\..\Tryouts\Core\MorganStanley.ComposeUI.Tryouts.BasicModels\MorganStanley.ComposeUI.Tryouts.BasicModels.csproj", "{D25CF673-216B-450C-840A-039ECF088CB7}"
EndProject
Project("{9A19103F-16F7-4668-BE54-9A1E7A4F7556}") = "MorganStanley.ComposeUI.Tryouts.Interfaces", "..\..\Tryouts\Core\MorganStanley.ComposeUI.Tryouts.Interfaces\MorganStanley.ComposeUI.Tryouts.Interfaces.csproj", "{6BCE1270-464D-42CB-B07E-1B0A88A70D6F}"
EndProject
Project("{9A19103F-16F7-4668-BE54-9A1E7A4F7556}") = "MorganStanley.ComposeUI.Tryouts.Utilities", "..\..\Tryouts\Core\MorganStanley.ComposeUI.Tryouts.Utilities\MorganStanley.ComposeUI.Tryouts.Utilities.csproj", "{E2CC1CB0-7895-4A50-B62A-20F313A4C3B0}"
EndProject
Project("{9A19103F-16F7-4668-BE54-9A1E7A4F7556}") = "MorganStanley.ComposeUI.Tryouts.Avalonia.VisualUtils", "..\..\Tryouts\Visuals\Avalonia\MorganStanley.ComposeUI.Tryouts.VisualUtils\MorganStanley.ComposeUI.Tryouts.Avalonia.VisualUtils.csproj", "{AE26BC29-2929-4A96-9789-1039D7806D98}"
EndProject
Project("{2150E333-8FDC-42A3-9474-1A3956D46DE8}") = "Plugins", "Plugins", "{B530EC0C-92A5-445F-8938-DBCD083DCF19}"
EndProject
Project("{2150E333-8FDC-42A3-9474-1A3956D46DE8}") = "Plugins", "Plugins", "{713AD7B2-EB14-40B5-A49F-6447C3F5254A}"
EndProject
Project("{2150E333-8FDC-42A3-9474-1A3956D46DE8}") = "Services", "Services", "{D1DC0BB5-C429-4192-BF01-EF58D6B0F9AB}"
EndProject
Project("{2150E333-8FDC-42A3-9474-1A3956D46DE8}") = "ViewViewModelPlugins", "ViewViewModelPlugins", "{E83B541E-8621-47EA-8227-A36A196A66E0}"
EndProject
Project("{9A19103F-16F7-4668-BE54-9A1E7A4F7556}") = "MorganStanley.ComposeUI.Plugins.TimeService", "..\..\Tryouts\Plugins\Services\MorganStanley.ComposeUI.Plugins.TimeService\MorganStanley.ComposeUI.Plugins.TimeService.csproj", "{16A74606-712A-4A58-BF68-D6A0DE20BD95}"
EndProject
Project("{9A19103F-16F7-4668-BE54-9A1E7A4F7556}") = "MorganStanley.ComposeUI.Plugins.TimeViewModel", "..\..\Tryouts\Plugins\ViewViewModelPlugins\TimeViewModel\MorganStanley.ComposeUI.Plugins.TimeViewModel.csproj", "{C0AA9B1E-9C4B-4AB9-9A75-F7AC090A72F9}"
EndProject
Project("{2150E333-8FDC-42A3-9474-1A3956D46DE8}") = "Core", "Core", "{31FA62FA-1FB2-4D41-9D2F-EC3115B0FA26}"
EndProject
Project("{2150E333-8FDC-42A3-9474-1A3956D46DE8}") = "Visuals", "Visuals", "{4106F8CD-DEE3-4A54-B24F-CE3A5DE07C30}"
EndProject
Project("{2150E333-8FDC-42A3-9474-1A3956D46DE8}") = "Avalonia", "Avalonia", "{06E36A2A-A512-4050-8C30-60963E3211EA}"
EndProject
Project("{9A19103F-16F7-4668-BE54-9A1E7A4F7556}") = "MorganStanley.ComposeUI.Avalonia.VisualUtils", "..\..\src\Common\Visuals\Avalonia\MorganStanley.ComposeUI.Common.VisualUtils\MorganStanley.ComposeUI.Avalonia.VisualUtils.csproj", "{A873817B-FAB8-44F5-8D9F-1E3F5631733C}"
EndProject
Project("{2150E333-8FDC-42A3-9474-1A3956D46DE8}") = "Core", "Core", "{E678CCB6-90FB-4C52-8AE0-911D313783F8}"
EndProject
Project("{2150E333-8FDC-42A3-9474-1A3956D46DE8}") = "Visuals", "Visuals", "{E80F2DDD-06E9-492E-A484-C71A9DE35F7F}"
EndProject
Project("{2150E333-8FDC-42A3-9474-1A3956D46DE8}") = "Avalonia", "Avalonia", "{3647CC8E-67A7-4464-880A-9620AEAD817E}"
EndProject
Global
	GlobalSection(SolutionConfigurationPlatforms) = preSolution
		Debug|Any CPU = Debug|Any CPU
		Release|Any CPU = Release|Any CPU
	EndGlobalSection
	GlobalSection(ProjectConfigurationPlatforms) = postSolution
		{49279A6F-C9BC-4EFF-BBBB-72789599A46C}.Debug|Any CPU.ActiveCfg = Debug|Any CPU
		{49279A6F-C9BC-4EFF-BBBB-72789599A46C}.Debug|Any CPU.Build.0 = Debug|Any CPU
		{49279A6F-C9BC-4EFF-BBBB-72789599A46C}.Release|Any CPU.ActiveCfg = Release|Any CPU
		{49279A6F-C9BC-4EFF-BBBB-72789599A46C}.Release|Any CPU.Build.0 = Release|Any CPU
		{40EC45C4-0325-4851-AB1C-64B27ED28BAD}.Debug|Any CPU.ActiveCfg = Debug|Any CPU
		{40EC45C4-0325-4851-AB1C-64B27ED28BAD}.Debug|Any CPU.Build.0 = Debug|Any CPU
		{40EC45C4-0325-4851-AB1C-64B27ED28BAD}.Release|Any CPU.ActiveCfg = Release|Any CPU
		{40EC45C4-0325-4851-AB1C-64B27ED28BAD}.Release|Any CPU.Build.0 = Release|Any CPU
		{D5EBE540-94D0-4E33-A467-C3BDAD5DCB14}.Debug|Any CPU.ActiveCfg = Debug|Any CPU
		{D5EBE540-94D0-4E33-A467-C3BDAD5DCB14}.Debug|Any CPU.Build.0 = Debug|Any CPU
		{D5EBE540-94D0-4E33-A467-C3BDAD5DCB14}.Release|Any CPU.ActiveCfg = Release|Any CPU
		{D5EBE540-94D0-4E33-A467-C3BDAD5DCB14}.Release|Any CPU.Build.0 = Release|Any CPU
		{60A6B771-3B8B-4CF7-81F7-E8D1A20E22CC}.Debug|Any CPU.ActiveCfg = Debug|Any CPU
		{60A6B771-3B8B-4CF7-81F7-E8D1A20E22CC}.Debug|Any CPU.Build.0 = Debug|Any CPU
		{60A6B771-3B8B-4CF7-81F7-E8D1A20E22CC}.Release|Any CPU.ActiveCfg = Release|Any CPU
		{60A6B771-3B8B-4CF7-81F7-E8D1A20E22CC}.Release|Any CPU.Build.0 = Release|Any CPU
		{D25CF673-216B-450C-840A-039ECF088CB7}.Debug|Any CPU.ActiveCfg = Debug|Any CPU
		{D25CF673-216B-450C-840A-039ECF088CB7}.Debug|Any CPU.Build.0 = Debug|Any CPU
		{D25CF673-216B-450C-840A-039ECF088CB7}.Release|Any CPU.ActiveCfg = Release|Any CPU
		{D25CF673-216B-450C-840A-039ECF088CB7}.Release|Any CPU.Build.0 = Release|Any CPU
		{6BCE1270-464D-42CB-B07E-1B0A88A70D6F}.Debug|Any CPU.ActiveCfg = Debug|Any CPU
		{6BCE1270-464D-42CB-B07E-1B0A88A70D6F}.Debug|Any CPU.Build.0 = Debug|Any CPU
		{6BCE1270-464D-42CB-B07E-1B0A88A70D6F}.Release|Any CPU.ActiveCfg = Release|Any CPU
		{6BCE1270-464D-42CB-B07E-1B0A88A70D6F}.Release|Any CPU.Build.0 = Release|Any CPU
		{E2CC1CB0-7895-4A50-B62A-20F313A4C3B0}.Debug|Any CPU.ActiveCfg = Debug|Any CPU
		{E2CC1CB0-7895-4A50-B62A-20F313A4C3B0}.Debug|Any CPU.Build.0 = Debug|Any CPU
		{E2CC1CB0-7895-4A50-B62A-20F313A4C3B0}.Release|Any CPU.ActiveCfg = Release|Any CPU
		{E2CC1CB0-7895-4A50-B62A-20F313A4C3B0}.Release|Any CPU.Build.0 = Release|Any CPU
		{AE26BC29-2929-4A96-9789-1039D7806D98}.Debug|Any CPU.ActiveCfg = Debug|Any CPU
		{AE26BC29-2929-4A96-9789-1039D7806D98}.Debug|Any CPU.Build.0 = Debug|Any CPU
		{AE26BC29-2929-4A96-9789-1039D7806D98}.Release|Any CPU.ActiveCfg = Release|Any CPU
		{AE26BC29-2929-4A96-9789-1039D7806D98}.Release|Any CPU.Build.0 = Release|Any CPU
		{16A74606-712A-4A58-BF68-D6A0DE20BD95}.Debug|Any CPU.ActiveCfg = Debug|Any CPU
		{16A74606-712A-4A58-BF68-D6A0DE20BD95}.Debug|Any CPU.Build.0 = Debug|Any CPU
		{16A74606-712A-4A58-BF68-D6A0DE20BD95}.Release|Any CPU.ActiveCfg = Release|Any CPU
		{16A74606-712A-4A58-BF68-D6A0DE20BD95}.Release|Any CPU.Build.0 = Release|Any CPU
		{C0AA9B1E-9C4B-4AB9-9A75-F7AC090A72F9}.Debug|Any CPU.ActiveCfg = Debug|Any CPU
		{C0AA9B1E-9C4B-4AB9-9A75-F7AC090A72F9}.Debug|Any CPU.Build.0 = Debug|Any CPU
		{C0AA9B1E-9C4B-4AB9-9A75-F7AC090A72F9}.Release|Any CPU.ActiveCfg = Release|Any CPU
		{C0AA9B1E-9C4B-4AB9-9A75-F7AC090A72F9}.Release|Any CPU.Build.0 = Release|Any CPU
		{A873817B-FAB8-44F5-8D9F-1E3F5631733C}.Debug|Any CPU.ActiveCfg = Debug|Any CPU
		{A873817B-FAB8-44F5-8D9F-1E3F5631733C}.Debug|Any CPU.Build.0 = Debug|Any CPU
		{A873817B-FAB8-44F5-8D9F-1E3F5631733C}.Release|Any CPU.ActiveCfg = Release|Any CPU
		{A873817B-FAB8-44F5-8D9F-1E3F5631733C}.Release|Any CPU.Build.0 = Release|Any CPU
	EndGlobalSection
	GlobalSection(SolutionProperties) = preSolution
		HideSolutionNode = FALSE
	EndGlobalSection
	GlobalSection(NestedProjects) = preSolution
		{40EC45C4-0325-4851-AB1C-64B27ED28BAD} = {31FA62FA-1FB2-4D41-9D2F-EC3115B0FA26}
		{D5EBE540-94D0-4E33-A467-C3BDAD5DCB14} = {31FA62FA-1FB2-4D41-9D2F-EC3115B0FA26}
		{60A6B771-3B8B-4CF7-81F7-E8D1A20E22CC} = {31FA62FA-1FB2-4D41-9D2F-EC3115B0FA26}
		{D25CF673-216B-450C-840A-039ECF088CB7} = {E678CCB6-90FB-4C52-8AE0-911D313783F8}
		{6BCE1270-464D-42CB-B07E-1B0A88A70D6F} = {E678CCB6-90FB-4C52-8AE0-911D313783F8}
		{E2CC1CB0-7895-4A50-B62A-20F313A4C3B0} = {E678CCB6-90FB-4C52-8AE0-911D313783F8}
		{AE26BC29-2929-4A96-9789-1039D7806D98} = {3647CC8E-67A7-4464-880A-9620AEAD817E}
		{B530EC0C-92A5-445F-8938-DBCD083DCF19} = {2D94959E-539E-43A8-B50D-435D969059FF}
		{D1DC0BB5-C429-4192-BF01-EF58D6B0F9AB} = {B530EC0C-92A5-445F-8938-DBCD083DCF19}
		{E83B541E-8621-47EA-8227-A36A196A66E0} = {B530EC0C-92A5-445F-8938-DBCD083DCF19}
		{16A74606-712A-4A58-BF68-D6A0DE20BD95} = {D1DC0BB5-C429-4192-BF01-EF58D6B0F9AB}
		{C0AA9B1E-9C4B-4AB9-9A75-F7AC090A72F9} = {E83B541E-8621-47EA-8227-A36A196A66E0}
		{31FA62FA-1FB2-4D41-9D2F-EC3115B0FA26} = {1ED5A035-825C-40C9-95F9-F0E275F3187A}
		{4106F8CD-DEE3-4A54-B24F-CE3A5DE07C30} = {1ED5A035-825C-40C9-95F9-F0E275F3187A}
		{06E36A2A-A512-4050-8C30-60963E3211EA} = {4106F8CD-DEE3-4A54-B24F-CE3A5DE07C30}
		{A873817B-FAB8-44F5-8D9F-1E3F5631733C} = {06E36A2A-A512-4050-8C30-60963E3211EA}
		{E678CCB6-90FB-4C52-8AE0-911D313783F8} = {2D94959E-539E-43A8-B50D-435D969059FF}
		{E80F2DDD-06E9-492E-A484-C71A9DE35F7F} = {2D94959E-539E-43A8-B50D-435D969059FF}
		{3647CC8E-67A7-4464-880A-9620AEAD817E} = {E80F2DDD-06E9-492E-A484-C71A9DE35F7F}
	EndGlobalSection
	GlobalSection(ExtensibilityGlobals) = postSolution
		SolutionGuid = {98497725-4038-46B9-910E-2BADC6FDC7E4}
	EndGlobalSection
EndGlobal
